Microsoft Visual Studio Solution File, Format Version 12.00
# Visual Studio 14
Project("{8BC9CEB8-8B4A-11D0-8D11-00A0C91BC942}") = "ALL_BUILD", "ALL_BUILD.vcxproj", "{065519F1-3D0F-3DC7-8CA2-F3D869483ED1}"
	ProjectSection(ProjectDependencies) = postProject
		{31AEA6B9-7167-31BB-96D6-D22221B771F8} = {31AEA6B9-7167-31BB-96D6-D22221B771F8}
		{9254765B-F859-30AE-8AF5-CF7AF0C21DFD} = {9254765B-F859-30AE-8AF5-CF7AF0C21DFD}
		{D58B125B-9247-3C27-BE32-04B68E27D038} = {D58B125B-9247-3C27-BE32-04B68E27D038}
		{926FEA38-40BD-390E-A1DC-27518695E7E2} = {926FEA38-40BD-390E-A1DC-27518695E7E2}
		{44FD1578-C5F0-3774-BE9B-ED42FACE6A6C} = {44FD1578-C5F0-3774-BE9B-ED42FACE6A6C}
		{C1B551DB-A058-3489-BA5E-F7419DB4D0DE} = {C1B551DB-A058-3489-BA5E-F7419DB4D0DE}
		{5EB94D53-FD4A-3830-9569-E8E3DCFC2CCA} = {5EB94D53-FD4A-3830-9569-E8E3DCFC2CCA}
		{48B7942B-564B-37C7-8CC2-BA38EF25F561} = {48B7942B-564B-37C7-8CC2-BA38EF25F561}
	EndProjectSection
EndProject
Project("{8BC9CEB8-8B4A-11D0-8D11-00A0C91BC942}") = "ANTTWEAKBAR_116_OGLCORE_GLFW", "external\ANTTWEAKBAR_116_OGLCORE_GLFW.vcxproj", "{31AEA6B9-7167-31BB-96D6-D22221B771F8}"
	ProjectSection(ProjectDependencies) = postProject
		{44FD1578-C5F0-3774-BE9B-ED42FACE6A6C} = {44FD1578-C5F0-3774-BE9B-ED42FACE6A6C}
	EndProjectSection
EndProject
Project("{8BC9CEB8-8B4A-11D0-8D11-00A0C91BC942}") = "GLEW_190", "external\GLEW_190.vcxproj", "{9254765B-F859-30AE-8AF5-CF7AF0C21DFD}"
	ProjectSection(ProjectDependencies) = postProject
		{44FD1578-C5F0-3774-BE9B-ED42FACE6A6C} = {44FD1578-C5F0-3774-BE9B-ED42FACE6A6C}
	EndProjectSection
EndProject
Project("{8BC9CEB8-8B4A-11D0-8D11-00A0C91BC942}") = "GLFW_303", "external\glfw-3.0.3\src\GLFW_303.vcxproj", "{D58B125B-9247-3C27-BE32-04B68E27D038}"
	ProjectSection(ProjectDependencies) = postProject
		{44FD1578-C5F0-3774-BE9B-ED42FACE6A6C} = {44FD1578-C5F0-3774-BE9B-ED42FACE6A6C}
	EndProjectSection
EndProject
Project("{8BC9CEB8-8B4A-11D0-8D11-00A0C91BC942}") = "INSTALL", "INSTALL.vcxproj", "{C083D535-BE18-3779-8ABD-281F785E5AF7}"
	ProjectSection(ProjectDependencies) = postProject
		{065519F1-3D0F-3DC7-8CA2-F3D869483ED1} = {065519F1-3D0F-3DC7-8CA2-F3D869483ED1}
	EndProjectSection
EndProject
Project("{8BC9CEB8-8B4A-11D0-8D11-00A0C91BC942}") = "SOIL", "external\SOIL.vcxproj", "{926FEA38-40BD-390E-A1DC-27518695E7E2}"
	ProjectSection(ProjectDependencies) = postProject
		{44FD1578-C5F0-3774-BE9B-ED42FACE6A6C} = {44FD1578-C5F0-3774-BE9B-ED42FACE6A6C}
	EndProjectSection
EndProject
Project("{8BC9CEB8-8B4A-11D0-8D11-00A0C91BC942}") = "ZERO_CHECK", "ZERO_CHECK.vcxproj", "{44FD1578-C5F0-3774-BE9B-ED42FACE6A6C}"
	ProjectSection(ProjectDependencies) = postProject
	EndProjectSection
EndProject
Project("{8BC9CEB8-8B4A-11D0-8D11-00A0C91BC942}") = "assimp", "external\assimp-3.0.1270\code\assimp.vcxproj", "{C1B551DB-A058-3489-BA5E-F7419DB4D0DE}"
	ProjectSection(ProjectDependencies) = postProject
		{44FD1578-C5F0-3774-BE9B-ED42FACE6A6C} = {44FD1578-C5F0-3774-BE9B-ED42FACE6A6C}
		{48B7942B-564B-37C7-8CC2-BA38EF25F561} = {48B7942B-564B-37C7-8CC2-BA38EF25F561}
	EndProjectSection
EndProject
Project("{8BC9CEB8-8B4A-11D0-8D11-00A0C91BC942}") = "tutorial09_AssImp", "tutorial09_AssImp.vcxproj", "{5EB94D53-FD4A-3830-9569-E8E3DCFC2CCA}"
	ProjectSection(ProjectDependencies) = postProject
		{31AEA6B9-7167-31BB-96D6-D22221B771F8} = {31AEA6B9-7167-31BB-96D6-D22221B771F8}
		{9254765B-F859-30AE-8AF5-CF7AF0C21DFD} = {9254765B-F859-30AE-8AF5-CF7AF0C21DFD}
		{D58B125B-9247-3C27-BE32-04B68E27D038} = {D58B125B-9247-3C27-BE32-04B68E27D038}
		{926FEA38-40BD-390E-A1DC-27518695E7E2} = {926FEA38-40BD-390E-A1DC-27518695E7E2}
		{44FD1578-C5F0-3774-BE9B-ED42FACE6A6C} = {44FD1578-C5F0-3774-BE9B-ED42FACE6A6C}
		{C1B551DB-A058-3489-BA5E-F7419DB4D0DE} = {C1B551DB-A058-3489-BA5E-F7419DB4D0DE}
		{48B7942B-564B-37C7-8CC2-BA38EF25F561} = {48B7942B-564B-37C7-8CC2-BA38EF25F561}
	EndProjectSection
EndProject
Project("{8BC9CEB8-8B4A-11D0-8D11-00A0C91BC942}") = "zlib", "external\assimp-3.0.1270\contrib\zlib\zlib.vcxproj", "{48B7942B-564B-37C7-8CC2-BA38EF25F561}"
	ProjectSection(ProjectDependencies) = postProject
		{44FD1578-C5F0-3774-BE9B-ED42FACE6A6C} = {44FD1578-C5F0-3774-BE9B-ED42FACE6A6C}
	EndProjectSection
EndProject
Global
	GlobalSection(SolutionConfigurationPlatforms) = preSolution
		Debug|Win32 = Debug|Win32
		Release|Win32 = Release|Win32
		MinSizeRel|Win32 = MinSizeRel|Win32
		RelWithDebInfo|Win32 = RelWithDebInfo|Win32
	EndGlobalSection
	GlobalSection(ProjectConfigurationPlatforms) = postSolution
		{065519F1-3D0F-3DC7-8CA2-F3D869483ED1}.Debug|Win32.ActiveCfg = Debug|Win32
		{065519F1-3D0F-3DC7-8CA2-F3D869483ED1}.Debug|Win32.Build.0 = Debug|Win32
		{065519F1-3D0F-3DC7-8CA2-F3D869483ED1}.Release|Win32.ActiveCfg = Release|Win32
		{065519F1-3D0F-3DC7-8CA2-F3D869483ED1}.Release|Win32.Build.0 = Release|Win32
		{065519F1-3D0F-3DC7-8CA2-F3D869483ED1}.MinSizeRel|Win32.ActiveCfg = MinSizeRel|Win32
		{065519F1-3D0F-3DC7-8CA2-F3D869483ED1}.MinSizeRel|Win32.Build.0 = MinSizeRel|Win32
		{065519F1-3D0F-3DC7-8CA2-F3D869483ED1}.RelWithDebInfo|Win32.ActiveCfg = RelWithDebInfo|Win32
		{065519F1-3D0F-3DC7-8CA2-F3D869483ED1}.RelWithDebInfo|Win32.Build.0 = RelWithDebInfo|Win32
		{31AEA6B9-7167-31BB-96D6-D22221B771F8}.Debug|Win32.ActiveCfg = Debug|Win32
		{31AEA6B9-7167-31BB-96D6-D22221B771F8}.Debug|Win32.Build.0 = Debug|Win32
		{31AEA6B9-7167-31BB-96D6-D22221B771F8}.Release|Win32.ActiveCfg = Release|Win32
		{31AEA6B9-7167-31BB-96D6-D22221B771F8}.Release|Win32.Build.0 = Release|Win32
		{31AEA6B9-7167-31BB-96D6-D22221B771F8}.MinSizeRel|Win32.ActiveCfg = MinSizeRel|Win32
		{31AEA6B9-7167-31BB-96D6-D22221B771F8}.MinSizeRel|Win32.Build.0 = MinSizeRel|Win32
		{31AEA6B9-7167-31BB-96D6-D22221B771F8}.RelWithDebInfo|Win32.ActiveCfg = RelWithDebInfo|Win32
		{31AEA6B9-7167-31BB-96D6-D22221B771F8}.RelWithDebInfo|Win32.Build.0 = RelWithDebInfo|Win32
		{9254765B-F859-30AE-8AF5-CF7AF0C21DFD}.Debug|Win32.ActiveCfg = Debug|Win32
		{9254765B-F859-30AE-8AF5-CF7AF0C21DFD}.Debug|Win32.Build.0 = Debug|Win32
		{9254765B-F859-30AE-8AF5-CF7AF0C21DFD}.Release|Win32.ActiveCfg = Release|Win32
		{9254765B-F859-30AE-8AF5-CF7AF0C21DFD}.Release|Win32.Build.0 = Release|Win32
		{9254765B-F859-30AE-8AF5-CF7AF0C21DFD}.MinSizeRel|Win32.ActiveCfg = MinSizeRel|Win32
		{9254765B-F859-30AE-8AF5-CF7AF0C21DFD}.MinSizeRel|Win32.Build.0 = MinSizeRel|Win32
		{9254765B-F859-30AE-8AF5-CF7AF0C21DFD}.RelWithDebInfo|Win32.ActiveCfg = RelWithDebInfo|Win32
		{9254765B-F859-30AE-8AF5-CF7AF0C21DFD}.RelWithDebInfo|Win32.Build.0 = RelWithDebInfo|Win32
		{D58B125B-9247-3C27-BE32-04B68E27D038}.Debug|Win32.ActiveCfg = Debug|Win32
		{D58B125B-9247-3C27-BE32-04B68E27D038}.Debug|Win32.Build.0 = Debug|Win32
		{D58B125B-9247-3C27-BE32-04B68E27D038}.Release|Win32.ActiveCfg = Release|Win32
		{D58B125B-9247-3C27-BE32-04B68E27D038}.Release|Win32.Build.0 = Release|Win32
		{D58B125B-9247-3C27-BE32-04B68E27D038}.MinSizeRel|Win32.ActiveCfg = MinSizeRel|Win32
		{D58B125B-9247-3C27-BE32-04B68E27D038}.MinSizeRel|Win32.Build.0 = MinSizeRel|Win32
		{D58B125B-9247-3C27-BE32-04B68E27D038}.RelWithDebInfo|Win32.ActiveCfg = RelWithDebInfo|Win32
		{D58B125B-9247-3C27-BE32-04B68E27D038}.RelWithDebInfo|Win32.Build.0 = RelWithDebInfo|Win32
		{C083D535-BE18-3779-8ABD-281F785E5AF7}.Debug|Win32.ActiveCfg = Debug|Win32
		{C083D535-BE18-3779-8ABD-281F785E5AF7}.Release|Win32.ActiveCfg = Release|Win32
		{C083D535-BE18-3779-8ABD-281F785E5AF7}.MinSizeRel|Win32.ActiveCfg = MinSizeRel|Win32
		{C083D535-BE18-3779-8ABD-281F785E5AF7}.RelWithDebInfo|Win32.ActiveCfg = RelWithDebInfo|Win32
		{926FEA38-40BD-390E-A1DC-27518695E7E2}.Debug|Win32.ActiveCfg = Debug|Win32
		{926FEA38-40BD-390E-A1DC-27518695E7E2}.Debug|Win32.Build.0 = Debug|Win32
		{926FEA38-40BD-390E-A1DC-27518695E7E2}.Release|Win32.ActiveCfg = Release|Win32
		{926FEA38-40BD-390E-A1DC-27518695E7E2}.Release|Win32.Build.0 = Release|Win32
		{926FEA38-40BD-390E-A1DC-27518695E7E2}.MinSizeRel|Win32.ActiveCfg = MinSizeRel|Win32
		{926FEA38-40BD-390E-A1DC-27518695E7E2}.MinSizeRel|Win32.Build.0 = MinSizeRel|Win32
		{926FEA38-40BD-390E-A1DC-27518695E7E2}.RelWithDebInfo|Win32.ActiveCfg = RelWithDebInfo|Win32
		{926FEA38-40BD-390E-A1DC-27518695E7E2}.RelWithDebInfo|Win32.Build.0 = RelWithDebInfo|Win32
		{44FD1578-C5F0-3774-BE9B-ED42FACE6A6C}.Debug|Win32.ActiveCfg = Debug|Win32
		{44FD1578-C5F0-3774-BE9B-ED42FACE6A6C}.Debug|Win32.Build.0 = Debug|Win32
		{44FD1578-C5F0-3774-BE9B-ED42FACE6A6C}.Release|Win32.ActiveCfg = Release|Win32
		{44FD1578-C5F0-3774-BE9B-ED42FACE6A6C}.Release|Win32.Build.0 = Release|Win32
		{44FD1578-C5F0-3774-BE9B-ED42FACE6A6C}.MinSizeRel|Win32.ActiveCfg = MinSizeRel|Win32
		{44FD1578-C5F0-3774-BE9B-ED42FACE6A6C}.MinSizeRel|Win32.Build.0 = MinSizeRel|Win32
		{44FD1578-C5F0-3774-BE9B-ED42FACE6A6C}.RelWithDebInfo|Win32.ActiveCfg = RelWithDebInfo|Win32
		{44FD1578-C5F0-3774-BE9B-ED42FACE6A6C}.RelWithDebInfo|Win32.Build.0 = RelWithDebInfo|Win32
		{C1B551DB-A058-3489-BA5E-F7419DB4D0DE}.Debug|Win32.ActiveCfg = Debug|Win32
		{C1B551DB-A058-3489-BA5E-F7419DB4D0DE}.Debug|Win32.Build.0 = Debug|Win32
		{C1B551DB-A058-3489-BA5E-F7419DB4D0DE}.Release|Win32.ActiveCfg = Release|Win32
		{C1B551DB-A058-3489-BA5E-F7419DB4D0DE}.Release|Win32.Build.0 = Release|Win32
		{C1B551DB-A058-3489-BA5E-F7419DB4D0DE}.MinSizeRel|Win32.ActiveCfg = MinSizeRel|Win32
		{C1B551DB-A058-3489-BA5E-F7419DB4D0DE}.MinSizeRel|Win32.Build.0 = MinSizeRel|Win32
		{C1B551DB-A058-3489-BA5E-F7419DB4D0DE}.RelWithDebInfo|Win32.ActiveCfg = RelWithDebInfo|Win32
		{C1B551DB-A058-3489-BA5E-F7419DB4D0DE}.RelWithDebInfo|Win32.Build.0 = RelWithDebInfo|Win32
		{5EB94D53-FD4A-3830-9569-E8E3DCFC2CCA}.Debug|Win32.ActiveCfg = Debug|Win32
		{5EB94D53-FD4A-3830-9569-E8E3DCFC2CCA}.Debug|Win32.Build.0 = Debug|Win32
		{5EB94D53-FD4A-3830-9569-E8E3DCFC2CCA}.Release|Win32.ActiveCfg = Release|Win32
		{5EB94D53-FD4A-3830-9569-E8E3DCFC2CCA}.Release|Win32.Build.0 = Release|Win32
		{5EB94D53-FD4A-3830-9569-E8E3DCFC2CCA}.MinSizeRel|Win32.ActiveCfg = MinSizeRel|Win32
		{5EB94D53-FD4A-3830-9569-E8E3DCFC2CCA}.MinSizeRel|Win32.Build.0 = MinSizeRel|Win32
		{5EB94D53-FD4A-3830-9569-E8E3DCFC2CCA}.RelWithDebInfo|Win32.ActiveCfg = RelWithDebInfo|Win32
		{5EB94D53-FD4A-3830-9569-E8E3DCFC2CCA}.RelWithDebInfo|Win32.Build.0 = RelWithDebInfo|Win32
		{48B7942B-564B-37C7-8CC2-BA38EF25F561}.Debug|Win32.ActiveCfg = Debug|Win32
		{48B7942B-564B-37C7-8CC2-BA38EF25F561}.Debug|Win32.Build.0 = Debug|Win32
		{48B7942B-564B-37C7-8CC2-BA38EF25F561}.Release|Win32.ActiveCfg = Release|Win32
		{48B7942B-564B-37C7-8CC2-BA38EF25F561}.Release|Win32.Build.0 = Release|Win32
		{48B7942B-564B-37C7-8CC2-BA38EF25F561}.MinSizeRel|Win32.ActiveCfg = MinSizeRel|Win32
		{48B7942B-564B-37C7-8CC2-BA38EF25F561}.MinSizeRel|Win32.Build.0 = MinSizeRel|Win32
		{48B7942B-564B-37C7-8CC2-BA38EF25F561}.RelWithDebInfo|Win32.ActiveCfg = RelWithDebInfo|Win32
		{48B7942B-564B-37C7-8CC2-BA38EF25F561}.RelWithDebInfo|Win32.Build.0 = RelWithDebInfo|Win32
	EndGlobalSection
	GlobalSection(ExtensibilityGlobals) = postSolution
	EndGlobalSection
	GlobalSection(ExtensibilityAddIns) = postSolution
	EndGlobalSection
EndGlobal
