<?xml version="1.0" encoding="UTF-8"?>
<Project ToolsVersion="14.0" xmlns="http://schemas.microsoft.com/developer/msbuild/2003">
  <ItemGroup>
    <ClCompile Include="C:\Users\Wikzo\Documents\Hagenberg_2015\Advanced Computer Graphics\ACGR_Lab1\tutorial09_vbo_indexing\tutorial09.cpp">
      <Filter>Source Files</Filter>
    </ClCompile>
    <ClCompile Include="C:\Users\Wikzo\Documents\Hagenberg_2015\Advanced Computer Graphics\ACGR_Lab1\common\shader.cpp">
      <Filter>common</Filter>
    </ClCompile>
    <ClCompile Include="C:\Users\Wikzo\Documents\Hagenberg_2015\Advanced Computer Graphics\ACGR_Lab1\common\controls.cpp">
      <Filter>common</Filter>
    </ClCompile>
    <ClCompile Include="C:\Users\Wikzo\Documents\Hagenberg_2015\Advanced Computer Graphics\ACGR_Lab1\common\texture.cpp">
      <Filter>common</Filter>
    </ClCompile>
    <ClCompile Include="C:\Users\Wikzo\Documents\Hagenberg_2015\Advanced Computer Graphics\ACGR_Lab1\common\objloader.cpp">
      <Filter>common</Filter>
    </ClCompile>
    <ClCompile Include="C:\Users\Wikzo\Documents\Hagenberg_2015\Advanced Computer Graphics\ACGR_Lab1\common\vboindexer.cpp">
      <Filter>common</Filter>
    </ClCompile>
  </ItemGroup>
  <ItemGroup>
    <ClInclude Include="C:\Users\Wikzo\Documents\Hagenberg_2015\Advanced Computer Graphics\ACGR_Lab1\common\shader.hpp">
      <Filter>common</Filter>
    </ClInclude>
    <ClInclude Include="C:\Users\Wikzo\Documents\Hagenberg_2015\Advanced Computer Graphics\ACGR_Lab1\common\controls.hpp">
      <Filter>common</Filter>
    </ClInclude>
    <ClInclude Include="C:\Users\Wikzo\Documents\Hagenberg_2015\Advanced Computer Graphics\ACGR_Lab1\common\texture.hpp">
      <Filter>common</Filter>
    </ClInclude>
    <ClInclude Include="C:\Users\Wikzo\Documents\Hagenberg_2015\Advanced Computer Graphics\ACGR_Lab1\common\objloader.hpp">
      <Filter>common</Filter>
    </ClInclude>
    <ClInclude Include="C:\Users\Wikzo\Documents\Hagenberg_2015\Advanced Computer Graphics\ACGR_Lab1\common\vboindexer.hpp">
      <Filter>common</Filter>
    </ClInclude>
  </ItemGroup>
  <ItemGroup>
    <CustomBuild Include="C:\Users\Wikzo\Documents\Hagenberg_2015\Advanced Computer Graphics\ACGR_Lab1\CMakeLists.txt" />
  </ItemGroup>
  <ItemGroup>
    <None Include="C:\Users\Wikzo\Documents\Hagenberg_2015\Advanced Computer Graphics\ACGR_Lab1\tutorial09_vbo_indexing\StandardShading.vertexshader">
      <Filter>shaders</Filter>
    </None>
    <None Include="C:\Users\Wikzo\Documents\Hagenberg_2015\Advanced Computer Graphics\ACGR_Lab1\tutorial09_vbo_indexing\StandardShading.fragmentshader">
      <Filter>shaders</Filter>
    </None>
    <None Include="C:\Users\Wikzo\Documents\Hagenberg_2015\Advanced Computer Graphics\ACGR_Lab1\tutorial09_vbo_indexing\passThrough.geometryshader">
      <Filter>shaders</Filter>
    </None>
  </ItemGroup>
  <ItemGroup>
    <Filter Include="Source Files">
      <UniqueIdentifier>{9539DE30-8E9E-33D9-91B6-DCCCB6080339}</UniqueIdentifier>
    </Filter>
    <Filter Include="common">
      <UniqueIdentifier>{F1E26B2D-0588-3925-91A0-CEDD3BC97616}</UniqueIdentifier>
    </Filter>
    <Filter Include="shaders">
      <UniqueIdentifier>{E4AE668F-0170-31BF-821E-9260A99ECEE3}</UniqueIdentifier>
    </Filter>
  </ItemGroup>
</Project>
