Microsoft Visual Studio Solution File, Format Version 12.00
# Visual Studio 14
Project("{8BC9CEB8-8B4A-11D0-8D11-00A0C91BC942}") = "ALL_BUILD", "ALL_BUILD.vcxproj", "{82722DB1-FCEB-3FE7-9EEE-407B454548E3}"
	ProjectSection(ProjectDependencies) = postProject
		{23379F0B-3917-3FD5-AD30-4F0F5B8666A2} = {23379F0B-3917-3FD5-AD30-4F0F5B8666A2}
		{C10CA53D-5F57-3F4A-AABB-7BA56EAD018B} = {C10CA53D-5F57-3F4A-AABB-7BA56EAD018B}
		{2A26BB57-0005-3EF6-87CA-308D407F47E5} = {2A26BB57-0005-3EF6-87CA-308D407F47E5}
		{8C8C0A84-AFE4-3399-8B88-3DC9E3F80FFE} = {8C8C0A84-AFE4-3399-8B88-3DC9E3F80FFE}
		{968B6B6A-3A31-3E24-B8AB-375CE239F086} = {968B6B6A-3A31-3E24-B8AB-375CE239F086}
		{024A473F-DDD6-3E81-9694-C7E6CA41E7E7} = {024A473F-DDD6-3E81-9694-C7E6CA41E7E7}
		{C88D7264-4417-335D-84C7-8C20EA3FA965} = {C88D7264-4417-335D-84C7-8C20EA3FA965}
		{00B8FA14-D78B-3989-8269-E679498E69D2} = {00B8FA14-D78B-3989-8269-E679498E69D2}
	EndProjectSection
EndProject
Project("{8BC9CEB8-8B4A-11D0-8D11-00A0C91BC942}") = "ANTTWEAKBAR_116_OGLCORE_GLFW", "external\ANTTWEAKBAR_116_OGLCORE_GLFW.vcxproj", "{23379F0B-3917-3FD5-AD30-4F0F5B8666A2}"
	ProjectSection(ProjectDependencies) = postProject
		{968B6B6A-3A31-3E24-B8AB-375CE239F086} = {968B6B6A-3A31-3E24-B8AB-375CE239F086}
	EndProjectSection
EndProject
Project("{8BC9CEB8-8B4A-11D0-8D11-00A0C91BC942}") = "GLEW_190", "external\GLEW_190.vcxproj", "{C10CA53D-5F57-3F4A-AABB-7BA56EAD018B}"
	ProjectSection(ProjectDependencies) = postProject
		{968B6B6A-3A31-3E24-B8AB-375CE239F086} = {968B6B6A-3A31-3E24-B8AB-375CE239F086}
	EndProjectSection
EndProject
Project("{8BC9CEB8-8B4A-11D0-8D11-00A0C91BC942}") = "GLFW_303", "external\glfw-3.0.3\src\GLFW_303.vcxproj", "{2A26BB57-0005-3EF6-87CA-308D407F47E5}"
	ProjectSection(ProjectDependencies) = postProject
		{968B6B6A-3A31-3E24-B8AB-375CE239F086} = {968B6B6A-3A31-3E24-B8AB-375CE239F086}
	EndProjectSection
EndProject
Project("{8BC9CEB8-8B4A-11D0-8D11-00A0C91BC942}") = "INSTALL", "INSTALL.vcxproj", "{FF16028B-8F77-31D8-8516-1CD7B746FCE5}"
	ProjectSection(ProjectDependencies) = postProject
		{82722DB1-FCEB-3FE7-9EEE-407B454548E3} = {82722DB1-FCEB-3FE7-9EEE-407B454548E3}
	EndProjectSection
EndProject
Project("{8BC9CEB8-8B4A-11D0-8D11-00A0C91BC942}") = "SOIL", "external\SOIL.vcxproj", "{8C8C0A84-AFE4-3399-8B88-3DC9E3F80FFE}"
	ProjectSection(ProjectDependencies) = postProject
		{968B6B6A-3A31-3E24-B8AB-375CE239F086} = {968B6B6A-3A31-3E24-B8AB-375CE239F086}
	EndProjectSection
EndProject
Project("{8BC9CEB8-8B4A-11D0-8D11-00A0C91BC942}") = "ZERO_CHECK", "ZERO_CHECK.vcxproj", "{968B6B6A-3A31-3E24-B8AB-375CE239F086}"
	ProjectSection(ProjectDependencies) = postProject
	EndProjectSection
EndProject
Project("{8BC9CEB8-8B4A-11D0-8D11-00A0C91BC942}") = "assimp", "external\assimp-3.0.1270\code\assimp.vcxproj", "{024A473F-DDD6-3E81-9694-C7E6CA41E7E7}"
	ProjectSection(ProjectDependencies) = postProject
		{968B6B6A-3A31-3E24-B8AB-375CE239F086} = {968B6B6A-3A31-3E24-B8AB-375CE239F086}
		{00B8FA14-D78B-3989-8269-E679498E69D2} = {00B8FA14-D78B-3989-8269-E679498E69D2}
	EndProjectSection
EndProject
Project("{8BC9CEB8-8B4A-11D0-8D11-00A0C91BC942}") = "tutorial09_AssImp", "tutorial09_AssImp.vcxproj", "{C88D7264-4417-335D-84C7-8C20EA3FA965}"
	ProjectSection(ProjectDependencies) = postProject
		{23379F0B-3917-3FD5-AD30-4F0F5B8666A2} = {23379F0B-3917-3FD5-AD30-4F0F5B8666A2}
		{C10CA53D-5F57-3F4A-AABB-7BA56EAD018B} = {C10CA53D-5F57-3F4A-AABB-7BA56EAD018B}
		{2A26BB57-0005-3EF6-87CA-308D407F47E5} = {2A26BB57-0005-3EF6-87CA-308D407F47E5}
		{8C8C0A84-AFE4-3399-8B88-3DC9E3F80FFE} = {8C8C0A84-AFE4-3399-8B88-3DC9E3F80FFE}
		{968B6B6A-3A31-3E24-B8AB-375CE239F086} = {968B6B6A-3A31-3E24-B8AB-375CE239F086}
		{024A473F-DDD6-3E81-9694-C7E6CA41E7E7} = {024A473F-DDD6-3E81-9694-C7E6CA41E7E7}
		{00B8FA14-D78B-3989-8269-E679498E69D2} = {00B8FA14-D78B-3989-8269-E679498E69D2}
	EndProjectSection
EndProject
Project("{8BC9CEB8-8B4A-11D0-8D11-00A0C91BC942}") = "zlib", "external\assimp-3.0.1270\contrib\zlib\zlib.vcxproj", "{00B8FA14-D78B-3989-8269-E679498E69D2}"
	ProjectSection(ProjectDependencies) = postProject
		{968B6B6A-3A31-3E24-B8AB-375CE239F086} = {968B6B6A-3A31-3E24-B8AB-375CE239F086}
	EndProjectSection
EndProject
Global
	GlobalSection(SolutionConfigurationPlatforms) = preSolution
		Debug|Win32 = Debug|Win32
		Release|Win32 = Release|Win32
		MinSizeRel|Win32 = MinSizeRel|Win32
		RelWithDebInfo|Win32 = RelWithDebInfo|Win32
	EndGlobalSection
	GlobalSection(ProjectConfigurationPlatforms) = postSolution
		{82722DB1-FCEB-3FE7-9EEE-407B454548E3}.Debug|Win32.ActiveCfg = Debug|Win32
		{82722DB1-FCEB-3FE7-9EEE-407B454548E3}.Debug|Win32.Build.0 = Debug|Win32
		{82722DB1-FCEB-3FE7-9EEE-407B454548E3}.Release|Win32.ActiveCfg = Release|Win32
		{82722DB1-FCEB-3FE7-9EEE-407B454548E3}.Release|Win32.Build.0 = Release|Win32
		{82722DB1-FCEB-3FE7-9EEE-407B454548E3}.MinSizeRel|Win32.ActiveCfg = MinSizeRel|Win32
		{82722DB1-FCEB-3FE7-9EEE-407B454548E3}.MinSizeRel|Win32.Build.0 = MinSizeRel|Win32
		{82722DB1-FCEB-3FE7-9EEE-407B454548E3}.RelWithDebInfo|Win32.ActiveCfg = RelWithDebInfo|Win32
		{82722DB1-FCEB-3FE7-9EEE-407B454548E3}.RelWithDebInfo|Win32.Build.0 = RelWithDebInfo|Win32
		{23379F0B-3917-3FD5-AD30-4F0F5B8666A2}.Debug|Win32.ActiveCfg = Debug|Win32
		{23379F0B-3917-3FD5-AD30-4F0F5B8666A2}.Debug|Win32.Build.0 = Debug|Win32
		{23379F0B-3917-3FD5-AD30-4F0F5B8666A2}.Release|Win32.ActiveCfg = Release|Win32
		{23379F0B-3917-3FD5-AD30-4F0F5B8666A2}.Release|Win32.Build.0 = Release|Win32
		{23379F0B-3917-3FD5-AD30-4F0F5B8666A2}.MinSizeRel|Win32.ActiveCfg = MinSizeRel|Win32
		{23379F0B-3917-3FD5-AD30-4F0F5B8666A2}.MinSizeRel|Win32.Build.0 = MinSizeRel|Win32
		{23379F0B-3917-3FD5-AD30-4F0F5B8666A2}.RelWithDebInfo|Win32.ActiveCfg = RelWithDebInfo|Win32
		{23379F0B-3917-3FD5-AD30-4F0F5B8666A2}.RelWithDebInfo|Win32.Build.0 = RelWithDebInfo|Win32
		{C10CA53D-5F57-3F4A-AABB-7BA56EAD018B}.Debug|Win32.ActiveCfg = Debug|Win32
		{C10CA53D-5F57-3F4A-AABB-7BA56EAD018B}.Debug|Win32.Build.0 = Debug|Win32
		{C10CA53D-5F57-3F4A-AABB-7BA56EAD018B}.Release|Win32.ActiveCfg = Release|Win32
		{C10CA53D-5F57-3F4A-AABB-7BA56EAD018B}.Release|Win32.Build.0 = Release|Win32
		{C10CA53D-5F57-3F4A-AABB-7BA56EAD018B}.MinSizeRel|Win32.ActiveCfg = MinSizeRel|Win32
		{C10CA53D-5F57-3F4A-AABB-7BA56EAD018B}.MinSizeRel|Win32.Build.0 = MinSizeRel|Win32
		{C10CA53D-5F57-3F4A-AABB-7BA56EAD018B}.RelWithDebInfo|Win32.ActiveCfg = RelWithDebInfo|Win32
		{C10CA53D-5F57-3F4A-AABB-7BA56EAD018B}.RelWithDebInfo|Win32.Build.0 = RelWithDebInfo|Win32
		{2A26BB57-0005-3EF6-87CA-308D407F47E5}.Debug|Win32.ActiveCfg = Debug|Win32
		{2A26BB57-0005-3EF6-87CA-308D407F47E5}.Debug|Win32.Build.0 = Debug|Win32
		{2A26BB57-0005-3EF6-87CA-308D407F47E5}.Release|Win32.ActiveCfg = Release|Win32
		{2A26BB57-0005-3EF6-87CA-308D407F47E5}.Release|Win32.Build.0 = Release|Win32
		{2A26BB57-0005-3EF6-87CA-308D407F47E5}.MinSizeRel|Win32.ActiveCfg = MinSizeRel|Win32
		{2A26BB57-0005-3EF6-87CA-308D407F47E5}.MinSizeRel|Win32.Build.0 = MinSizeRel|Win32
		{2A26BB57-0005-3EF6-87CA-308D407F47E5}.RelWithDebInfo|Win32.ActiveCfg = RelWithDebInfo|Win32
		{2A26BB57-0005-3EF6-87CA-308D407F47E5}.RelWithDebInfo|Win32.Build.0 = RelWithDebInfo|Win32
		{FF16028B-8F77-31D8-8516-1CD7B746FCE5}.Debug|Win32.ActiveCfg = Debug|Win32
		{FF16028B-8F77-31D8-8516-1CD7B746FCE5}.Release|Win32.ActiveCfg = Release|Win32
		{FF16028B-8F77-31D8-8516-1CD7B746FCE5}.MinSizeRel|Win32.ActiveCfg = MinSizeRel|Win32
		{FF16028B-8F77-31D8-8516-1CD7B746FCE5}.RelWithDebInfo|Win32.ActiveCfg = RelWithDebInfo|Win32
		{8C8C0A84-AFE4-3399-8B88-3DC9E3F80FFE}.Debug|Win32.ActiveCfg = Debug|Win32
		{8C8C0A84-AFE4-3399-8B88-3DC9E3F80FFE}.Debug|Win32.Build.0 = Debug|Win32
		{8C8C0A84-AFE4-3399-8B88-3DC9E3F80FFE}.Release|Win32.ActiveCfg = Release|Win32
		{8C8C0A84-AFE4-3399-8B88-3DC9E3F80FFE}.Release|Win32.Build.0 = Release|Win32
		{8C8C0A84-AFE4-3399-8B88-3DC9E3F80FFE}.MinSizeRel|Win32.ActiveCfg = MinSizeRel|Win32
		{8C8C0A84-AFE4-3399-8B88-3DC9E3F80FFE}.MinSizeRel|Win32.Build.0 = MinSizeRel|Win32
		{8C8C0A84-AFE4-3399-8B88-3DC9E3F80FFE}.RelWithDebInfo|Win32.ActiveCfg = RelWithDebInfo|Win32
		{8C8C0A84-AFE4-3399-8B88-3DC9E3F80FFE}.RelWithDebInfo|Win32.Build.0 = RelWithDebInfo|Win32
		{968B6B6A-3A31-3E24-B8AB-375CE239F086}.Debug|Win32.ActiveCfg = Debug|Win32
		{968B6B6A-3A31-3E24-B8AB-375CE239F086}.Debug|Win32.Build.0 = Debug|Win32
		{968B6B6A-3A31-3E24-B8AB-375CE239F086}.Release|Win32.ActiveCfg = Release|Win32
		{968B6B6A-3A31-3E24-B8AB-375CE239F086}.Release|Win32.Build.0 = Release|Win32
		{968B6B6A-3A31-3E24-B8AB-375CE239F086}.MinSizeRel|Win32.ActiveCfg = MinSizeRel|Win32
		{968B6B6A-3A31-3E24-B8AB-375CE239F086}.MinSizeRel|Win32.Build.0 = MinSizeRel|Win32
		{968B6B6A-3A31-3E24-B8AB-375CE239F086}.RelWithDebInfo|Win32.ActiveCfg = RelWithDebInfo|Win32
		{968B6B6A-3A31-3E24-B8AB-375CE239F086}.RelWithDebInfo|Win32.Build.0 = RelWithDebInfo|Win32
		{024A473F-DDD6-3E81-9694-C7E6CA41E7E7}.Debug|Win32.ActiveCfg = Debug|Win32
		{024A473F-DDD6-3E81-9694-C7E6CA41E7E7}.Debug|Win32.Build.0 = Debug|Win32
		{024A473F-DDD6-3E81-9694-C7E6CA41E7E7}.Release|Win32.ActiveCfg = Release|Win32
		{024A473F-DDD6-3E81-9694-C7E6CA41E7E7}.Release|Win32.Build.0 = Release|Win32
		{024A473F-DDD6-3E81-9694-C7E6CA41E7E7}.MinSizeRel|Win32.ActiveCfg = MinSizeRel|Win32
		{024A473F-DDD6-3E81-9694-C7E6CA41E7E7}.MinSizeRel|Win32.Build.0 = MinSizeRel|Win32
		{024A473F-DDD6-3E81-9694-C7E6CA41E7E7}.RelWithDebInfo|Win32.ActiveCfg = RelWithDebInfo|Win32
		{024A473F-DDD6-3E81-9694-C7E6CA41E7E7}.RelWithDebInfo|Win32.Build.0 = RelWithDebInfo|Win32
		{C88D7264-4417-335D-84C7-8C20EA3FA965}.Debug|Win32.ActiveCfg = Debug|Win32
		{C88D7264-4417-335D-84C7-8C20EA3FA965}.Debug|Win32.Build.0 = Debug|Win32
		{C88D7264-4417-335D-84C7-8C20EA3FA965}.Release|Win32.ActiveCfg = Release|Win32
		{C88D7264-4417-335D-84C7-8C20EA3FA965}.Release|Win32.Build.0 = Release|Win32
		{C88D7264-4417-335D-84C7-8C20EA3FA965}.MinSizeRel|Win32.ActiveCfg = MinSizeRel|Win32
		{C88D7264-4417-335D-84C7-8C20EA3FA965}.MinSizeRel|Win32.Build.0 = MinSizeRel|Win32
		{C88D7264-4417-335D-84C7-8C20EA3FA965}.RelWithDebInfo|Win32.ActiveCfg = RelWithDebInfo|Win32
		{C88D7264-4417-335D-84C7-8C20EA3FA965}.RelWithDebInfo|Win32.Build.0 = RelWithDebInfo|Win32
		{00B8FA14-D78B-3989-8269-E679498E69D2}.Debug|Win32.ActiveCfg = Debug|Win32
		{00B8FA14-D78B-3989-8269-E679498E69D2}.Debug|Win32.Build.0 = Debug|Win32
		{00B8FA14-D78B-3989-8269-E679498E69D2}.Release|Win32.ActiveCfg = Release|Win32
		{00B8FA14-D78B-3989-8269-E679498E69D2}.Release|Win32.Build.0 = Release|Win32
		{00B8FA14-D78B-3989-8269-E679498E69D2}.MinSizeRel|Win32.ActiveCfg = MinSizeRel|Win32
		{00B8FA14-D78B-3989-8269-E679498E69D2}.MinSizeRel|Win32.Build.0 = MinSizeRel|Win32
		{00B8FA14-D78B-3989-8269-E679498E69D2}.RelWithDebInfo|Win32.ActiveCfg = RelWithDebInfo|Win32
		{00B8FA14-D78B-3989-8269-E679498E69D2}.RelWithDebInfo|Win32.Build.0 = RelWithDebInfo|Win32
	EndGlobalSection
	GlobalSection(ExtensibilityGlobals) = postSolution
	EndGlobalSection
	GlobalSection(ExtensibilityAddIns) = postSolution
	EndGlobalSection
EndGlobal
