<?xml version="1.0" encoding="utf-8"?>
<Project ToolsVersion="14.0" xmlns="http://schemas.microsoft.com/developer/msbuild/2003">
  <ItemGroup>
    <ClCompile Include="C:\Users\Wikzo\Documents\Hagenberg_2015\Advanced Computer Graphics\OpenGL\OpenGL-tutorial_v0014_33\OpenGL-tutorial_v0014_33\playground\playground.cpp">
      <Filter>Source Files</Filter>
    </ClCompile>
    <ClCompile Include="C:\Users\Wikzo\Documents\Hagenberg_2015\Advanced Computer Graphics\OpenGL\OpenGL-tutorial_v0014_33\OpenGL-tutorial_v0014_33\common\shader.cpp">
      <Filter>common</Filter>
    </ClCompile>
    <ClCompile Include="MySimpleVertexShader.vertexshader">
      <Filter>shaders</Filter>
    </ClCompile>
    <ClCompile Include="MySimpleFragmentShader.fragmentshader">
      <Filter>shaders</Filter>
    </ClCompile>
  </ItemGroup>
  <ItemGroup>
    <ClInclude Include="C:\Users\Wikzo\Documents\Hagenberg_2015\Advanced Computer Graphics\OpenGL\OpenGL-tutorial_v0014_33\OpenGL-tutorial_v0014_33\common\shader.hpp">
      <Filter>common</Filter>
    </ClInclude>
  </ItemGroup>
  <ItemGroup>
    <CustomBuild Include="C:\Users\Wikzo\Documents\Hagenberg_2015\Advanced Computer Graphics\OpenGL\OpenGL-tutorial_v0014_33\OpenGL-tutorial_v0014_33\CMakeLists.txt" />
  </ItemGroup>
  <ItemGroup>
    <Filter Include="Source Files">
      <UniqueIdentifier>{DD9F438A-D120-34C5-B99E-FA77CEC45FB7}</UniqueIdentifier>
    </Filter>
    <Filter Include="common">
      <UniqueIdentifier>{0ABEC443-1252-38B0-A1E6-D78CB59CE427}</UniqueIdentifier>
    </Filter>
    <Filter Include="shaders">
      <UniqueIdentifier>{93e9deab-5800-46ba-93e2-3bd03db01ba3}</UniqueIdentifier>
    </Filter>
  </ItemGroup>
  <ItemGroup>
    <None Include="..\tutorial13_normal_mapping\NormalMapping.vertexshader.cpp">
      <Filter>shaders</Filter>
    </None>
    <None Include="..\tutorial13_normal_mapping\NormalMapping.fragmentshader.cpp">
      <Filter>shaders</Filter>
    </None>
  </ItemGroup>
</Project>