<?xml version="1.0" encoding="utf-8"?>
<Project ToolsVersion="14.0" xmlns="http://schemas.microsoft.com/developer/msbuild/2003">
  <ItemGroup>
    <ClCompile Include="C:\Users\Wikzo\Documents\Hagenberg_2015\Advanced Computer Graphics\OpenGL\OpenGL-tutorial_v0014_33\OpenGL-tutorial_v0014_33\tutorial16_shadowmaps\tutorial16_SimpleVersion.cpp">
      <Filter>Source Files</Filter>
    </ClCompile>
    <ClCompile Include="C:\Users\Wikzo\Documents\Hagenberg_2015\Advanced Computer Graphics\OpenGL\OpenGL-tutorial_v0014_33\OpenGL-tutorial_v0014_33\common\shader.cpp">
      <Filter>common</Filter>
    </ClCompile>
    <ClCompile Include="C:\Users\Wikzo\Documents\Hagenberg_2015\Advanced Computer Graphics\OpenGL\OpenGL-tutorial_v0014_33\OpenGL-tutorial_v0014_33\common\controls.cpp">
      <Filter>common</Filter>
    </ClCompile>
    <ClCompile Include="C:\Users\Wikzo\Documents\Hagenberg_2015\Advanced Computer Graphics\OpenGL\OpenGL-tutorial_v0014_33\OpenGL-tutorial_v0014_33\common\texture.cpp">
      <Filter>common</Filter>
    </ClCompile>
    <ClCompile Include="C:\Users\Wikzo\Documents\Hagenberg_2015\Advanced Computer Graphics\OpenGL\OpenGL-tutorial_v0014_33\OpenGL-tutorial_v0014_33\common\objloader.cpp">
      <Filter>common</Filter>
    </ClCompile>
    <ClCompile Include="C:\Users\Wikzo\Documents\Hagenberg_2015\Advanced Computer Graphics\OpenGL\OpenGL-tutorial_v0014_33\OpenGL-tutorial_v0014_33\common\vboindexer.cpp">
      <Filter>common</Filter>
    </ClCompile>
  </ItemGroup>
  <ItemGroup>
    <ClInclude Include="C:\Users\Wikzo\Documents\Hagenberg_2015\Advanced Computer Graphics\OpenGL\OpenGL-tutorial_v0014_33\OpenGL-tutorial_v0014_33\common\shader.hpp">
      <Filter>common</Filter>
    </ClInclude>
    <ClInclude Include="C:\Users\Wikzo\Documents\Hagenberg_2015\Advanced Computer Graphics\OpenGL\OpenGL-tutorial_v0014_33\OpenGL-tutorial_v0014_33\common\controls.hpp">
      <Filter>common</Filter>
    </ClInclude>
    <ClInclude Include="C:\Users\Wikzo\Documents\Hagenberg_2015\Advanced Computer Graphics\OpenGL\OpenGL-tutorial_v0014_33\OpenGL-tutorial_v0014_33\common\texture.hpp">
      <Filter>common</Filter>
    </ClInclude>
    <ClInclude Include="C:\Users\Wikzo\Documents\Hagenberg_2015\Advanced Computer Graphics\OpenGL\OpenGL-tutorial_v0014_33\OpenGL-tutorial_v0014_33\common\objloader.hpp">
      <Filter>common</Filter>
    </ClInclude>
    <ClInclude Include="C:\Users\Wikzo\Documents\Hagenberg_2015\Advanced Computer Graphics\OpenGL\OpenGL-tutorial_v0014_33\OpenGL-tutorial_v0014_33\common\vboindexer.hpp">
      <Filter>common</Filter>
    </ClInclude>
  </ItemGroup>
  <ItemGroup>
    <CustomBuild Include="C:\Users\Wikzo\Documents\Hagenberg_2015\Advanced Computer Graphics\OpenGL\OpenGL-tutorial_v0014_33\OpenGL-tutorial_v0014_33\CMakeLists.txt" />
  </ItemGroup>
  <ItemGroup>
    <None Include="C:\Users\Wikzo\Documents\Hagenberg_2015\Advanced Computer Graphics\OpenGL\OpenGL-tutorial_v0014_33\OpenGL-tutorial_v0014_33\tutorial16_shadowmaps\DepthRTT.vertexshader">
      <Filter>shaders</Filter>
    </None>
    <None Include="C:\Users\Wikzo\Documents\Hagenberg_2015\Advanced Computer Graphics\OpenGL\OpenGL-tutorial_v0014_33\OpenGL-tutorial_v0014_33\tutorial16_shadowmaps\DepthRTT.fragmentshader">
      <Filter>shaders</Filter>
    </None>
    <None Include="..\tutorial16_shadowmaps\ShadowMapping_SimpleVersion.fragmentshader.cpp">
      <Filter>shaders</Filter>
    </None>
    <None Include="..\tutorial16_shadowmaps\ShadowMapping_SimpleVersion.vertexshader.cpp">
      <Filter>shaders</Filter>
    </None>
  </ItemGroup>
  <ItemGroup>
    <Filter Include="Source Files">
      <UniqueIdentifier>{DD9F438A-D120-34C5-B99E-FA77CEC45FB7}</UniqueIdentifier>
    </Filter>
    <Filter Include="common">
      <UniqueIdentifier>{0ABEC443-1252-38B0-A1E6-D78CB59CE427}</UniqueIdentifier>
    </Filter>
    <Filter Include="shaders">
      <UniqueIdentifier>{99FAAEF1-B925-3C55-8B74-D113C7477823}</UniqueIdentifier>
    </Filter>
  </ItemGroup>
</Project>