Microsoft Visual Studio Solution File, Format Version 12.00
# Visual Studio 14
VisualStudioVersion = 14.0.23107.0
MinimumVisualStudioVersion = 10.0.40219.1
Project("{8BC9CEB8-8B4A-11D0-8D11-00A0C91BC942}") = "ALL_BUILD", "ALL_BUILD.vcxproj", "{CD163DE0-6623-379E-8CF1-7FC3BA8AF5B2}"
	ProjectSection(ProjectDependencies) = postProject
		{D9DB15CB-3F19-3501-A81D-F13BB3CAE609} = {D9DB15CB-3F19-3501-A81D-F13BB3CAE609}
		{23DC9FFD-774B-3BC9-BCDE-A2C6F2A2CCD0} = {23DC9FFD-774B-3BC9-BCDE-A2C6F2A2CCD0}
		{6F0AC75C-BEBE-33AD-8A7A-270C53EE02FA} = {6F0AC75C-BEBE-33AD-8A7A-270C53EE02FA}
		{0836AC27-49F1-395E-B770-3D6938A0F1F1} = {0836AC27-49F1-395E-B770-3D6938A0F1F1}
		{E3335F4B-CEE3-3004-8E4F-41135572C4F9} = {E3335F4B-CEE3-3004-8E4F-41135572C4F9}
		{84BE7D38-312D-3B89-9109-0C7363D71013} = {84BE7D38-312D-3B89-9109-0C7363D71013}
		{8C4CE77E-4280-3EB0-A7AE-1E73CC0C171F} = {8C4CE77E-4280-3EB0-A7AE-1E73CC0C171F}
		{3705FAE6-C464-35BB-9BB2-ADBE0D6038EB} = {3705FAE6-C464-35BB-9BB2-ADBE0D6038EB}
		{FE80B7A5-E509-3850-A0EA-11D67CC65D2D} = {FE80B7A5-E509-3850-A0EA-11D67CC65D2D}
		{1BDC5D79-7E8D-3F4A-A9E8-858540797EF6} = {1BDC5D79-7E8D-3F4A-A9E8-858540797EF6}
		{DFD75FB2-6DB1-3C9A-B449-FE8F0BA733D7} = {DFD75FB2-6DB1-3C9A-B449-FE8F0BA733D7}
		{B528AFF7-4BA9-37A2-B5B3-98652E9D39B5} = {B528AFF7-4BA9-37A2-B5B3-98652E9D39B5}
		{B0E740C6-06D5-3582-9F2A-FC66F94713F1} = {B0E740C6-06D5-3582-9F2A-FC66F94713F1}
		{85A7B596-A266-3859-9B81-6417E190E029} = {85A7B596-A266-3859-9B81-6417E190E029}
		{D9D9BF94-00C8-395C-9465-0255014AEA5A} = {D9D9BF94-00C8-395C-9465-0255014AEA5A}
		{89F586A2-F122-3684-816A-C56C9D2B199F} = {89F586A2-F122-3684-816A-C56C9D2B199F}
		{128A950C-CF0C-3BFA-8BBD-D1F6CE695FB0} = {128A950C-CF0C-3BFA-8BBD-D1F6CE695FB0}
		{55D6E78E-BC59-3215-85FB-45B5FA2FE013} = {55D6E78E-BC59-3215-85FB-45B5FA2FE013}
		{5F62DE06-FF34-35E4-82DD-B7A9B0006D19} = {5F62DE06-FF34-35E4-82DD-B7A9B0006D19}
		{9F9699DF-D51E-3A34-B571-49BCCF4DDB40} = {9F9699DF-D51E-3A34-B571-49BCCF4DDB40}
		{30FAF59A-DBBA-3388-8270-B689222D10C5} = {30FAF59A-DBBA-3388-8270-B689222D10C5}
		{9FD31609-3FAB-3059-800E-977AAFBDB970} = {9FD31609-3FAB-3059-800E-977AAFBDB970}
		{3FC7C895-332B-3DD5-9C37-1B16B91471F9} = {3FC7C895-332B-3DD5-9C37-1B16B91471F9}
		{982D6A48-09C7-3125-A8DC-C8CDE86DC6F8} = {982D6A48-09C7-3125-A8DC-C8CDE86DC6F8}
		{E65A4ACB-A62A-392F-AF27-C15FA9F1BC7C} = {E65A4ACB-A62A-392F-AF27-C15FA9F1BC7C}
		{3DBB8F98-97B0-314E-8061-49684F1FDB6B} = {3DBB8F98-97B0-314E-8061-49684F1FDB6B}
		{72BD47E1-E363-3AF7-8F62-81E1292ED645} = {72BD47E1-E363-3AF7-8F62-81E1292ED645}
		{D1A0C3CB-330C-3C0A-980F-12E0C156B11A} = {D1A0C3CB-330C-3C0A-980F-12E0C156B11A}
		{88395F46-FF1A-3BDC-886F-3F3CD8C045C4} = {88395F46-FF1A-3BDC-886F-3F3CD8C045C4}
		{DF6E713B-08D6-34DB-9ECA-3B6F34D49EC2} = {DF6E713B-08D6-34DB-9ECA-3B6F34D49EC2}
		{24105481-A9D5-347F-83CE-185C4D4AC557} = {24105481-A9D5-347F-83CE-185C4D4AC557}
		{0C03F20E-4057-33F1-9B4A-6BA11476D50E} = {0C03F20E-4057-33F1-9B4A-6BA11476D50E}
		{328490DD-3ED7-35ED-A77B-D8DBEE1A6A85} = {328490DD-3ED7-35ED-A77B-D8DBEE1A6A85}
		{3C287C34-97B3-329F-8A44-FBE1FB3BF4E0} = {3C287C34-97B3-329F-8A44-FBE1FB3BF4E0}
		{48C876CB-4DD9-3381-B760-7556B586706A} = {48C876CB-4DD9-3381-B760-7556B586706A}
		{A33126A1-0E9D-3194-B08A-2A78366CB181} = {A33126A1-0E9D-3194-B08A-2A78366CB181}
	EndProjectSection
EndProject
Project("{8BC9CEB8-8B4A-11D0-8D11-00A0C91BC942}") = "ANTTWEAKBAR_116_OGLCORE_GLFW", "external\ANTTWEAKBAR_116_OGLCORE_GLFW.vcxproj", "{D9DB15CB-3F19-3501-A81D-F13BB3CAE609}"
	ProjectSection(ProjectDependencies) = postProject
		{3705FAE6-C464-35BB-9BB2-ADBE0D6038EB} = {3705FAE6-C464-35BB-9BB2-ADBE0D6038EB}
	EndProjectSection
EndProject
Project("{8BC9CEB8-8B4A-11D0-8D11-00A0C91BC942}") = "BulletCollision", "external\bullet-2.81-rev2613\src\BulletCollision\BulletCollision.vcxproj", "{23DC9FFD-774B-3BC9-BCDE-A2C6F2A2CCD0}"
	ProjectSection(ProjectDependencies) = postProject
		{3705FAE6-C464-35BB-9BB2-ADBE0D6038EB} = {3705FAE6-C464-35BB-9BB2-ADBE0D6038EB}
	EndProjectSection
EndProject
Project("{8BC9CEB8-8B4A-11D0-8D11-00A0C91BC942}") = "BulletDynamics", "external\bullet-2.81-rev2613\src\BulletDynamics\BulletDynamics.vcxproj", "{6F0AC75C-BEBE-33AD-8A7A-270C53EE02FA}"
	ProjectSection(ProjectDependencies) = postProject
		{3705FAE6-C464-35BB-9BB2-ADBE0D6038EB} = {3705FAE6-C464-35BB-9BB2-ADBE0D6038EB}
	EndProjectSection
EndProject
Project("{8BC9CEB8-8B4A-11D0-8D11-00A0C91BC942}") = "BulletSoftBody", "external\bullet-2.81-rev2613\src\BulletSoftBody\BulletSoftBody.vcxproj", "{0836AC27-49F1-395E-B770-3D6938A0F1F1}"
	ProjectSection(ProjectDependencies) = postProject
		{3705FAE6-C464-35BB-9BB2-ADBE0D6038EB} = {3705FAE6-C464-35BB-9BB2-ADBE0D6038EB}
	EndProjectSection
EndProject
Project("{8BC9CEB8-8B4A-11D0-8D11-00A0C91BC942}") = "GLEW_190", "external\GLEW_190.vcxproj", "{E3335F4B-CEE3-3004-8E4F-41135572C4F9}"
	ProjectSection(ProjectDependencies) = postProject
		{3705FAE6-C464-35BB-9BB2-ADBE0D6038EB} = {3705FAE6-C464-35BB-9BB2-ADBE0D6038EB}
	EndProjectSection
EndProject
Project("{8BC9CEB8-8B4A-11D0-8D11-00A0C91BC942}") = "GLFW_303", "external\glfw-3.0.3\src\GLFW_303.vcxproj", "{84BE7D38-312D-3B89-9109-0C7363D71013}"
	ProjectSection(ProjectDependencies) = postProject
		{3705FAE6-C464-35BB-9BB2-ADBE0D6038EB} = {3705FAE6-C464-35BB-9BB2-ADBE0D6038EB}
	EndProjectSection
EndProject
Project("{8BC9CEB8-8B4A-11D0-8D11-00A0C91BC942}") = "INSTALL", "INSTALL.vcxproj", "{37F1CC72-47FA-38F5-B133-08DBF902570E}"
	ProjectSection(ProjectDependencies) = postProject
		{CD163DE0-6623-379E-8CF1-7FC3BA8AF5B2} = {CD163DE0-6623-379E-8CF1-7FC3BA8AF5B2}
	EndProjectSection
EndProject
Project("{8BC9CEB8-8B4A-11D0-8D11-00A0C91BC942}") = "LinearMath", "external\bullet-2.81-rev2613\src\LinearMath\LinearMath.vcxproj", "{8C4CE77E-4280-3EB0-A7AE-1E73CC0C171F}"
	ProjectSection(ProjectDependencies) = postProject
		{3705FAE6-C464-35BB-9BB2-ADBE0D6038EB} = {3705FAE6-C464-35BB-9BB2-ADBE0D6038EB}
	EndProjectSection
EndProject
Project("{8BC9CEB8-8B4A-11D0-8D11-00A0C91BC942}") = "ZERO_CHECK", "ZERO_CHECK.vcxproj", "{3705FAE6-C464-35BB-9BB2-ADBE0D6038EB}"
EndProject
Project("{8BC9CEB8-8B4A-11D0-8D11-00A0C91BC942}") = "assimp", "external\assimp-3.0.1270\code\assimp.vcxproj", "{FE80B7A5-E509-3850-A0EA-11D67CC65D2D}"
	ProjectSection(ProjectDependencies) = postProject
		{3705FAE6-C464-35BB-9BB2-ADBE0D6038EB} = {3705FAE6-C464-35BB-9BB2-ADBE0D6038EB}
		{A33126A1-0E9D-3194-B08A-2A78366CB181} = {A33126A1-0E9D-3194-B08A-2A78366CB181}
	EndProjectSection
EndProject
Project("{8BC9CEB8-8B4A-11D0-8D11-00A0C91BC942}") = "misc05_picking_BulletPhysics", "misc05_picking_BulletPhysics.vcxproj", "{1BDC5D79-7E8D-3F4A-A9E8-858540797EF6}"
	ProjectSection(ProjectDependencies) = postProject
		{D9DB15CB-3F19-3501-A81D-F13BB3CAE609} = {D9DB15CB-3F19-3501-A81D-F13BB3CAE609}
		{23DC9FFD-774B-3BC9-BCDE-A2C6F2A2CCD0} = {23DC9FFD-774B-3BC9-BCDE-A2C6F2A2CCD0}
		{6F0AC75C-BEBE-33AD-8A7A-270C53EE02FA} = {6F0AC75C-BEBE-33AD-8A7A-270C53EE02FA}
		{E3335F4B-CEE3-3004-8E4F-41135572C4F9} = {E3335F4B-CEE3-3004-8E4F-41135572C4F9}
		{84BE7D38-312D-3B89-9109-0C7363D71013} = {84BE7D38-312D-3B89-9109-0C7363D71013}
		{8C4CE77E-4280-3EB0-A7AE-1E73CC0C171F} = {8C4CE77E-4280-3EB0-A7AE-1E73CC0C171F}
		{3705FAE6-C464-35BB-9BB2-ADBE0D6038EB} = {3705FAE6-C464-35BB-9BB2-ADBE0D6038EB}
	EndProjectSection
EndProject
Project("{8BC9CEB8-8B4A-11D0-8D11-00A0C91BC942}") = "misc05_picking_custom", "misc05_picking_custom.vcxproj", "{DFD75FB2-6DB1-3C9A-B449-FE8F0BA733D7}"
	ProjectSection(ProjectDependencies) = postProject
		{D9DB15CB-3F19-3501-A81D-F13BB3CAE609} = {D9DB15CB-3F19-3501-A81D-F13BB3CAE609}
		{E3335F4B-CEE3-3004-8E4F-41135572C4F9} = {E3335F4B-CEE3-3004-8E4F-41135572C4F9}
		{84BE7D38-312D-3B89-9109-0C7363D71013} = {84BE7D38-312D-3B89-9109-0C7363D71013}
		{3705FAE6-C464-35BB-9BB2-ADBE0D6038EB} = {3705FAE6-C464-35BB-9BB2-ADBE0D6038EB}
	EndProjectSection
EndProject
Project("{8BC9CEB8-8B4A-11D0-8D11-00A0C91BC942}") = "misc05_picking_slow_easy", "misc05_picking_slow_easy.vcxproj", "{B528AFF7-4BA9-37A2-B5B3-98652E9D39B5}"
	ProjectSection(ProjectDependencies) = postProject
		{D9DB15CB-3F19-3501-A81D-F13BB3CAE609} = {D9DB15CB-3F19-3501-A81D-F13BB3CAE609}
		{E3335F4B-CEE3-3004-8E4F-41135572C4F9} = {E3335F4B-CEE3-3004-8E4F-41135572C4F9}
		{84BE7D38-312D-3B89-9109-0C7363D71013} = {84BE7D38-312D-3B89-9109-0C7363D71013}
		{3705FAE6-C464-35BB-9BB2-ADBE0D6038EB} = {3705FAE6-C464-35BB-9BB2-ADBE0D6038EB}
	EndProjectSection
EndProject
Project("{8BC9CEB8-8B4A-11D0-8D11-00A0C91BC942}") = "playground", "playground.vcxproj", "{B0E740C6-06D5-3582-9F2A-FC66F94713F1}"
	ProjectSection(ProjectDependencies) = postProject
		{E3335F4B-CEE3-3004-8E4F-41135572C4F9} = {E3335F4B-CEE3-3004-8E4F-41135572C4F9}
		{84BE7D38-312D-3B89-9109-0C7363D71013} = {84BE7D38-312D-3B89-9109-0C7363D71013}
		{3705FAE6-C464-35BB-9BB2-ADBE0D6038EB} = {3705FAE6-C464-35BB-9BB2-ADBE0D6038EB}
	EndProjectSection
EndProject
Project("{8BC9CEB8-8B4A-11D0-8D11-00A0C91BC942}") = "tutorial01_first_window", "tutorial01_first_window.vcxproj", "{85A7B596-A266-3859-9B81-6417E190E029}"
	ProjectSection(ProjectDependencies) = postProject
		{E3335F4B-CEE3-3004-8E4F-41135572C4F9} = {E3335F4B-CEE3-3004-8E4F-41135572C4F9}
		{84BE7D38-312D-3B89-9109-0C7363D71013} = {84BE7D38-312D-3B89-9109-0C7363D71013}
		{3705FAE6-C464-35BB-9BB2-ADBE0D6038EB} = {3705FAE6-C464-35BB-9BB2-ADBE0D6038EB}
	EndProjectSection
EndProject
Project("{8BC9CEB8-8B4A-11D0-8D11-00A0C91BC942}") = "tutorial02_red_triangle", "tutorial02_red_triangle.vcxproj", "{D9D9BF94-00C8-395C-9465-0255014AEA5A}"
	ProjectSection(ProjectDependencies) = postProject
		{E3335F4B-CEE3-3004-8E4F-41135572C4F9} = {E3335F4B-CEE3-3004-8E4F-41135572C4F9}
		{84BE7D38-312D-3B89-9109-0C7363D71013} = {84BE7D38-312D-3B89-9109-0C7363D71013}
		{3705FAE6-C464-35BB-9BB2-ADBE0D6038EB} = {3705FAE6-C464-35BB-9BB2-ADBE0D6038EB}
	EndProjectSection
EndProject
Project("{8BC9CEB8-8B4A-11D0-8D11-00A0C91BC942}") = "tutorial03_matrices", "tutorial03_matrices.vcxproj", "{89F586A2-F122-3684-816A-C56C9D2B199F}"
	ProjectSection(ProjectDependencies) = postProject
		{E3335F4B-CEE3-3004-8E4F-41135572C4F9} = {E3335F4B-CEE3-3004-8E4F-41135572C4F9}
		{84BE7D38-312D-3B89-9109-0C7363D71013} = {84BE7D38-312D-3B89-9109-0C7363D71013}
		{3705FAE6-C464-35BB-9BB2-ADBE0D6038EB} = {3705FAE6-C464-35BB-9BB2-ADBE0D6038EB}
	EndProjectSection
EndProject
Project("{8BC9CEB8-8B4A-11D0-8D11-00A0C91BC942}") = "tutorial04_colored_cube", "tutorial04_colored_cube.vcxproj", "{128A950C-CF0C-3BFA-8BBD-D1F6CE695FB0}"
	ProjectSection(ProjectDependencies) = postProject
		{E3335F4B-CEE3-3004-8E4F-41135572C4F9} = {E3335F4B-CEE3-3004-8E4F-41135572C4F9}
		{84BE7D38-312D-3B89-9109-0C7363D71013} = {84BE7D38-312D-3B89-9109-0C7363D71013}
		{3705FAE6-C464-35BB-9BB2-ADBE0D6038EB} = {3705FAE6-C464-35BB-9BB2-ADBE0D6038EB}
	EndProjectSection
EndProject
Project("{8BC9CEB8-8B4A-11D0-8D11-00A0C91BC942}") = "tutorial05_textured_cube", "tutorial05_textured_cube.vcxproj", "{55D6E78E-BC59-3215-85FB-45B5FA2FE013}"
	ProjectSection(ProjectDependencies) = postProject
		{E3335F4B-CEE3-3004-8E4F-41135572C4F9} = {E3335F4B-CEE3-3004-8E4F-41135572C4F9}
		{84BE7D38-312D-3B89-9109-0C7363D71013} = {84BE7D38-312D-3B89-9109-0C7363D71013}
		{3705FAE6-C464-35BB-9BB2-ADBE0D6038EB} = {3705FAE6-C464-35BB-9BB2-ADBE0D6038EB}
	EndProjectSection
EndProject
Project("{8BC9CEB8-8B4A-11D0-8D11-00A0C91BC942}") = "tutorial06_keyboard_and_mouse", "tutorial06_keyboard_and_mouse.vcxproj", "{5F62DE06-FF34-35E4-82DD-B7A9B0006D19}"
	ProjectSection(ProjectDependencies) = postProject
		{E3335F4B-CEE3-3004-8E4F-41135572C4F9} = {E3335F4B-CEE3-3004-8E4F-41135572C4F9}
		{84BE7D38-312D-3B89-9109-0C7363D71013} = {84BE7D38-312D-3B89-9109-0C7363D71013}
		{3705FAE6-C464-35BB-9BB2-ADBE0D6038EB} = {3705FAE6-C464-35BB-9BB2-ADBE0D6038EB}
	EndProjectSection
EndProject
Project("{8BC9CEB8-8B4A-11D0-8D11-00A0C91BC942}") = "tutorial07_model_loading", "tutorial07_model_loading.vcxproj", "{9F9699DF-D51E-3A34-B571-49BCCF4DDB40}"
	ProjectSection(ProjectDependencies) = postProject
		{E3335F4B-CEE3-3004-8E4F-41135572C4F9} = {E3335F4B-CEE3-3004-8E4F-41135572C4F9}
		{84BE7D38-312D-3B89-9109-0C7363D71013} = {84BE7D38-312D-3B89-9109-0C7363D71013}
		{3705FAE6-C464-35BB-9BB2-ADBE0D6038EB} = {3705FAE6-C464-35BB-9BB2-ADBE0D6038EB}
	EndProjectSection
EndProject
Project("{8BC9CEB8-8B4A-11D0-8D11-00A0C91BC942}") = "tutorial08_basic_shading", "tutorial08_basic_shading.vcxproj", "{30FAF59A-DBBA-3388-8270-B689222D10C5}"
	ProjectSection(ProjectDependencies) = postProject
		{E3335F4B-CEE3-3004-8E4F-41135572C4F9} = {E3335F4B-CEE3-3004-8E4F-41135572C4F9}
		{84BE7D38-312D-3B89-9109-0C7363D71013} = {84BE7D38-312D-3B89-9109-0C7363D71013}
		{3705FAE6-C464-35BB-9BB2-ADBE0D6038EB} = {3705FAE6-C464-35BB-9BB2-ADBE0D6038EB}
	EndProjectSection
EndProject
Project("{8BC9CEB8-8B4A-11D0-8D11-00A0C91BC942}") = "tutorial09_AssImp", "tutorial09_AssImp.vcxproj", "{9FD31609-3FAB-3059-800E-977AAFBDB970}"
	ProjectSection(ProjectDependencies) = postProject
		{E3335F4B-CEE3-3004-8E4F-41135572C4F9} = {E3335F4B-CEE3-3004-8E4F-41135572C4F9}
		{84BE7D38-312D-3B89-9109-0C7363D71013} = {84BE7D38-312D-3B89-9109-0C7363D71013}
		{3705FAE6-C464-35BB-9BB2-ADBE0D6038EB} = {3705FAE6-C464-35BB-9BB2-ADBE0D6038EB}
		{FE80B7A5-E509-3850-A0EA-11D67CC65D2D} = {FE80B7A5-E509-3850-A0EA-11D67CC65D2D}
		{A33126A1-0E9D-3194-B08A-2A78366CB181} = {A33126A1-0E9D-3194-B08A-2A78366CB181}
	EndProjectSection
EndProject
Project("{8BC9CEB8-8B4A-11D0-8D11-00A0C91BC942}") = "tutorial09_several_objects", "tutorial09_several_objects.vcxproj", "{3FC7C895-332B-3DD5-9C37-1B16B91471F9}"
	ProjectSection(ProjectDependencies) = postProject
		{E3335F4B-CEE3-3004-8E4F-41135572C4F9} = {E3335F4B-CEE3-3004-8E4F-41135572C4F9}
		{84BE7D38-312D-3B89-9109-0C7363D71013} = {84BE7D38-312D-3B89-9109-0C7363D71013}
		{3705FAE6-C464-35BB-9BB2-ADBE0D6038EB} = {3705FAE6-C464-35BB-9BB2-ADBE0D6038EB}
	EndProjectSection
EndProject
Project("{8BC9CEB8-8B4A-11D0-8D11-00A0C91BC942}") = "tutorial09_vbo_indexing", "tutorial09_vbo_indexing.vcxproj", "{982D6A48-09C7-3125-A8DC-C8CDE86DC6F8}"
	ProjectSection(ProjectDependencies) = postProject
		{E3335F4B-CEE3-3004-8E4F-41135572C4F9} = {E3335F4B-CEE3-3004-8E4F-41135572C4F9}
		{84BE7D38-312D-3B89-9109-0C7363D71013} = {84BE7D38-312D-3B89-9109-0C7363D71013}
		{3705FAE6-C464-35BB-9BB2-ADBE0D6038EB} = {3705FAE6-C464-35BB-9BB2-ADBE0D6038EB}
	EndProjectSection
EndProject
Project("{8BC9CEB8-8B4A-11D0-8D11-00A0C91BC942}") = "tutorial10_transparency", "tutorial10_transparency.vcxproj", "{E65A4ACB-A62A-392F-AF27-C15FA9F1BC7C}"
	ProjectSection(ProjectDependencies) = postProject
		{E3335F4B-CEE3-3004-8E4F-41135572C4F9} = {E3335F4B-CEE3-3004-8E4F-41135572C4F9}
		{84BE7D38-312D-3B89-9109-0C7363D71013} = {84BE7D38-312D-3B89-9109-0C7363D71013}
		{3705FAE6-C464-35BB-9BB2-ADBE0D6038EB} = {3705FAE6-C464-35BB-9BB2-ADBE0D6038EB}
	EndProjectSection
EndProject
Project("{8BC9CEB8-8B4A-11D0-8D11-00A0C91BC942}") = "tutorial11_2d_fonts", "tutorial11_2d_fonts.vcxproj", "{3DBB8F98-97B0-314E-8061-49684F1FDB6B}"
	ProjectSection(ProjectDependencies) = postProject
		{E3335F4B-CEE3-3004-8E4F-41135572C4F9} = {E3335F4B-CEE3-3004-8E4F-41135572C4F9}
		{84BE7D38-312D-3B89-9109-0C7363D71013} = {84BE7D38-312D-3B89-9109-0C7363D71013}
		{3705FAE6-C464-35BB-9BB2-ADBE0D6038EB} = {3705FAE6-C464-35BB-9BB2-ADBE0D6038EB}
	EndProjectSection
EndProject
Project("{8BC9CEB8-8B4A-11D0-8D11-00A0C91BC942}") = "tutorial12_extensions", "tutorial12_extensions.vcxproj", "{72BD47E1-E363-3AF7-8F62-81E1292ED645}"
	ProjectSection(ProjectDependencies) = postProject
		{E3335F4B-CEE3-3004-8E4F-41135572C4F9} = {E3335F4B-CEE3-3004-8E4F-41135572C4F9}
		{84BE7D38-312D-3B89-9109-0C7363D71013} = {84BE7D38-312D-3B89-9109-0C7363D71013}
		{3705FAE6-C464-35BB-9BB2-ADBE0D6038EB} = {3705FAE6-C464-35BB-9BB2-ADBE0D6038EB}
	EndProjectSection
EndProject
Project("{8BC9CEB8-8B4A-11D0-8D11-00A0C91BC942}") = "tutorial13_normal_mapping", "tutorial13_normal_mapping.vcxproj", "{D1A0C3CB-330C-3C0A-980F-12E0C156B11A}"
	ProjectSection(ProjectDependencies) = postProject
		{E3335F4B-CEE3-3004-8E4F-41135572C4F9} = {E3335F4B-CEE3-3004-8E4F-41135572C4F9}
		{84BE7D38-312D-3B89-9109-0C7363D71013} = {84BE7D38-312D-3B89-9109-0C7363D71013}
		{3705FAE6-C464-35BB-9BB2-ADBE0D6038EB} = {3705FAE6-C464-35BB-9BB2-ADBE0D6038EB}
	EndProjectSection
EndProject
Project("{8BC9CEB8-8B4A-11D0-8D11-00A0C91BC942}") = "tutorial14_render_to_texture", "tutorial14_render_to_texture.vcxproj", "{88395F46-FF1A-3BDC-886F-3F3CD8C045C4}"
	ProjectSection(ProjectDependencies) = postProject
		{E3335F4B-CEE3-3004-8E4F-41135572C4F9} = {E3335F4B-CEE3-3004-8E4F-41135572C4F9}
		{84BE7D38-312D-3B89-9109-0C7363D71013} = {84BE7D38-312D-3B89-9109-0C7363D71013}
		{3705FAE6-C464-35BB-9BB2-ADBE0D6038EB} = {3705FAE6-C464-35BB-9BB2-ADBE0D6038EB}
	EndProjectSection
EndProject
Project("{8BC9CEB8-8B4A-11D0-8D11-00A0C91BC942}") = "tutorial15_lightmaps", "tutorial15_lightmaps.vcxproj", "{DF6E713B-08D6-34DB-9ECA-3B6F34D49EC2}"
	ProjectSection(ProjectDependencies) = postProject
		{E3335F4B-CEE3-3004-8E4F-41135572C4F9} = {E3335F4B-CEE3-3004-8E4F-41135572C4F9}
		{84BE7D38-312D-3B89-9109-0C7363D71013} = {84BE7D38-312D-3B89-9109-0C7363D71013}
		{3705FAE6-C464-35BB-9BB2-ADBE0D6038EB} = {3705FAE6-C464-35BB-9BB2-ADBE0D6038EB}
	EndProjectSection
EndProject
Project("{8BC9CEB8-8B4A-11D0-8D11-00A0C91BC942}") = "tutorial16_shadowmaps", "tutorial16_shadowmaps.vcxproj", "{24105481-A9D5-347F-83CE-185C4D4AC557}"
	ProjectSection(ProjectDependencies) = postProject
		{E3335F4B-CEE3-3004-8E4F-41135572C4F9} = {E3335F4B-CEE3-3004-8E4F-41135572C4F9}
		{84BE7D38-312D-3B89-9109-0C7363D71013} = {84BE7D38-312D-3B89-9109-0C7363D71013}
		{3705FAE6-C464-35BB-9BB2-ADBE0D6038EB} = {3705FAE6-C464-35BB-9BB2-ADBE0D6038EB}
	EndProjectSection
EndProject
Project("{8BC9CEB8-8B4A-11D0-8D11-00A0C91BC942}") = "tutorial16_shadowmaps_simple", "tutorial16_shadowmaps_simple.vcxproj", "{0C03F20E-4057-33F1-9B4A-6BA11476D50E}"
	ProjectSection(ProjectDependencies) = postProject
		{E3335F4B-CEE3-3004-8E4F-41135572C4F9} = {E3335F4B-CEE3-3004-8E4F-41135572C4F9}
		{84BE7D38-312D-3B89-9109-0C7363D71013} = {84BE7D38-312D-3B89-9109-0C7363D71013}
		{3705FAE6-C464-35BB-9BB2-ADBE0D6038EB} = {3705FAE6-C464-35BB-9BB2-ADBE0D6038EB}
	EndProjectSection
EndProject
Project("{8BC9CEB8-8B4A-11D0-8D11-00A0C91BC942}") = "tutorial17_rotations", "tutorial17_rotations.vcxproj", "{328490DD-3ED7-35ED-A77B-D8DBEE1A6A85}"
	ProjectSection(ProjectDependencies) = postProject
		{D9DB15CB-3F19-3501-A81D-F13BB3CAE609} = {D9DB15CB-3F19-3501-A81D-F13BB3CAE609}
		{E3335F4B-CEE3-3004-8E4F-41135572C4F9} = {E3335F4B-CEE3-3004-8E4F-41135572C4F9}
		{84BE7D38-312D-3B89-9109-0C7363D71013} = {84BE7D38-312D-3B89-9109-0C7363D71013}
		{3705FAE6-C464-35BB-9BB2-ADBE0D6038EB} = {3705FAE6-C464-35BB-9BB2-ADBE0D6038EB}
	EndProjectSection
EndProject
Project("{8BC9CEB8-8B4A-11D0-8D11-00A0C91BC942}") = "tutorial18_billboards", "tutorial18_billboards.vcxproj", "{3C287C34-97B3-329F-8A44-FBE1FB3BF4E0}"
	ProjectSection(ProjectDependencies) = postProject
		{E3335F4B-CEE3-3004-8E4F-41135572C4F9} = {E3335F4B-CEE3-3004-8E4F-41135572C4F9}
		{84BE7D38-312D-3B89-9109-0C7363D71013} = {84BE7D38-312D-3B89-9109-0C7363D71013}
		{3705FAE6-C464-35BB-9BB2-ADBE0D6038EB} = {3705FAE6-C464-35BB-9BB2-ADBE0D6038EB}
	EndProjectSection
EndProject
Project("{8BC9CEB8-8B4A-11D0-8D11-00A0C91BC942}") = "tutorial18_particles", "tutorial18_particles.vcxproj", "{48C876CB-4DD9-3381-B760-7556B586706A}"
	ProjectSection(ProjectDependencies) = postProject
		{E3335F4B-CEE3-3004-8E4F-41135572C4F9} = {E3335F4B-CEE3-3004-8E4F-41135572C4F9}
		{84BE7D38-312D-3B89-9109-0C7363D71013} = {84BE7D38-312D-3B89-9109-0C7363D71013}
		{3705FAE6-C464-35BB-9BB2-ADBE0D6038EB} = {3705FAE6-C464-35BB-9BB2-ADBE0D6038EB}
	EndProjectSection
EndProject
Project("{8BC9CEB8-8B4A-11D0-8D11-00A0C91BC942}") = "zlib", "external\assimp-3.0.1270\contrib\zlib\zlib.vcxproj", "{A33126A1-0E9D-3194-B08A-2A78366CB181}"
	ProjectSection(ProjectDependencies) = postProject
		{3705FAE6-C464-35BB-9BB2-ADBE0D6038EB} = {3705FAE6-C464-35BB-9BB2-ADBE0D6038EB}
	EndProjectSection
EndProject
Global
	GlobalSection(SolutionConfigurationPlatforms) = preSolution
		Debug|Win32 = Debug|Win32
		MinSizeRel|Win32 = MinSizeRel|Win32
		Release|Win32 = Release|Win32
		RelWithDebInfo|Win32 = RelWithDebInfo|Win32
	EndGlobalSection
	GlobalSection(ProjectConfigurationPlatforms) = postSolution
		{CD163DE0-6623-379E-8CF1-7FC3BA8AF5B2}.Debug|Win32.ActiveCfg = Debug|Win32
		{CD163DE0-6623-379E-8CF1-7FC3BA8AF5B2}.Debug|Win32.Build.0 = Debug|Win32
		{CD163DE0-6623-379E-8CF1-7FC3BA8AF5B2}.MinSizeRel|Win32.ActiveCfg = MinSizeRel|Win32
		{CD163DE0-6623-379E-8CF1-7FC3BA8AF5B2}.MinSizeRel|Win32.Build.0 = MinSizeRel|Win32
		{CD163DE0-6623-379E-8CF1-7FC3BA8AF5B2}.Release|Win32.ActiveCfg = Release|Win32
		{CD163DE0-6623-379E-8CF1-7FC3BA8AF5B2}.Release|Win32.Build.0 = Release|Win32
		{CD163DE0-6623-379E-8CF1-7FC3BA8AF5B2}.RelWithDebInfo|Win32.ActiveCfg = RelWithDebInfo|Win32
		{CD163DE0-6623-379E-8CF1-7FC3BA8AF5B2}.RelWithDebInfo|Win32.Build.0 = RelWithDebInfo|Win32
		{D9DB15CB-3F19-3501-A81D-F13BB3CAE609}.Debug|Win32.ActiveCfg = Debug|Win32
		{D9DB15CB-3F19-3501-A81D-F13BB3CAE609}.Debug|Win32.Build.0 = Debug|Win32
		{D9DB15CB-3F19-3501-A81D-F13BB3CAE609}.MinSizeRel|Win32.ActiveCfg = MinSizeRel|Win32
		{D9DB15CB-3F19-3501-A81D-F13BB3CAE609}.MinSizeRel|Win32.Build.0 = MinSizeRel|Win32
		{D9DB15CB-3F19-3501-A81D-F13BB3CAE609}.Release|Win32.ActiveCfg = Release|Win32
		{D9DB15CB-3F19-3501-A81D-F13BB3CAE609}.Release|Win32.Build.0 = Release|Win32
		{D9DB15CB-3F19-3501-A81D-F13BB3CAE609}.RelWithDebInfo|Win32.ActiveCfg = RelWithDebInfo|Win32
		{D9DB15CB-3F19-3501-A81D-F13BB3CAE609}.RelWithDebInfo|Win32.Build.0 = RelWithDebInfo|Win32
		{23DC9FFD-774B-3BC9-BCDE-A2C6F2A2CCD0}.Debug|Win32.ActiveCfg = Debug|Win32
		{23DC9FFD-774B-3BC9-BCDE-A2C6F2A2CCD0}.Debug|Win32.Build.0 = Debug|Win32
		{23DC9FFD-774B-3BC9-BCDE-A2C6F2A2CCD0}.MinSizeRel|Win32.ActiveCfg = MinSizeRel|Win32
		{23DC9FFD-774B-3BC9-BCDE-A2C6F2A2CCD0}.MinSizeRel|Win32.Build.0 = MinSizeRel|Win32
		{23DC9FFD-774B-3BC9-BCDE-A2C6F2A2CCD0}.Release|Win32.ActiveCfg = Release|Win32
		{23DC9FFD-774B-3BC9-BCDE-A2C6F2A2CCD0}.Release|Win32.Build.0 = Release|Win32
		{23DC9FFD-774B-3BC9-BCDE-A2C6F2A2CCD0}.RelWithDebInfo|Win32.ActiveCfg = RelWithDebInfo|Win32
		{23DC9FFD-774B-3BC9-BCDE-A2C6F2A2CCD0}.RelWithDebInfo|Win32.Build.0 = RelWithDebInfo|Win32
		{6F0AC75C-BEBE-33AD-8A7A-270C53EE02FA}.Debug|Win32.ActiveCfg = Debug|Win32
		{6F0AC75C-BEBE-33AD-8A7A-270C53EE02FA}.Debug|Win32.Build.0 = Debug|Win32
		{6F0AC75C-BEBE-33AD-8A7A-270C53EE02FA}.MinSizeRel|Win32.ActiveCfg = MinSizeRel|Win32
		{6F0AC75C-BEBE-33AD-8A7A-270C53EE02FA}.MinSizeRel|Win32.Build.0 = MinSizeRel|Win32
		{6F0AC75C-BEBE-33AD-8A7A-270C53EE02FA}.Release|Win32.ActiveCfg = Release|Win32
		{6F0AC75C-BEBE-33AD-8A7A-270C53EE02FA}.Release|Win32.Build.0 = Release|Win32
		{6F0AC75C-BEBE-33AD-8A7A-270C53EE02FA}.RelWithDebInfo|Win32.ActiveCfg = RelWithDebInfo|Win32
		{6F0AC75C-BEBE-33AD-8A7A-270C53EE02FA}.RelWithDebInfo|Win32.Build.0 = RelWithDebInfo|Win32
		{0836AC27-49F1-395E-B770-3D6938A0F1F1}.Debug|Win32.ActiveCfg = Debug|Win32
		{0836AC27-49F1-395E-B770-3D6938A0F1F1}.Debug|Win32.Build.0 = Debug|Win32
		{0836AC27-49F1-395E-B770-3D6938A0F1F1}.MinSizeRel|Win32.ActiveCfg = MinSizeRel|Win32
		{0836AC27-49F1-395E-B770-3D6938A0F1F1}.MinSizeRel|Win32.Build.0 = MinSizeRel|Win32
		{0836AC27-49F1-395E-B770-3D6938A0F1F1}.Release|Win32.ActiveCfg = Release|Win32
		{0836AC27-49F1-395E-B770-3D6938A0F1F1}.Release|Win32.Build.0 = Release|Win32
		{0836AC27-49F1-395E-B770-3D6938A0F1F1}.RelWithDebInfo|Win32.ActiveCfg = RelWithDebInfo|Win32
		{0836AC27-49F1-395E-B770-3D6938A0F1F1}.RelWithDebInfo|Win32.Build.0 = RelWithDebInfo|Win32
		{E3335F4B-CEE3-3004-8E4F-41135572C4F9}.Debug|Win32.ActiveCfg = Debug|Win32
		{E3335F4B-CEE3-3004-8E4F-41135572C4F9}.Debug|Win32.Build.0 = Debug|Win32
		{E3335F4B-CEE3-3004-8E4F-41135572C4F9}.MinSizeRel|Win32.ActiveCfg = MinSizeRel|Win32
		{E3335F4B-CEE3-3004-8E4F-41135572C4F9}.MinSizeRel|Win32.Build.0 = MinSizeRel|Win32
		{E3335F4B-CEE3-3004-8E4F-41135572C4F9}.Release|Win32.ActiveCfg = Release|Win32
		{E3335F4B-CEE3-3004-8E4F-41135572C4F9}.Release|Win32.Build.0 = Release|Win32
		{E3335F4B-CEE3-3004-8E4F-41135572C4F9}.RelWithDebInfo|Win32.ActiveCfg = RelWithDebInfo|Win32
		{E3335F4B-CEE3-3004-8E4F-41135572C4F9}.RelWithDebInfo|Win32.Build.0 = RelWithDebInfo|Win32
		{84BE7D38-312D-3B89-9109-0C7363D71013}.Debug|Win32.ActiveCfg = Debug|Win32
		{84BE7D38-312D-3B89-9109-0C7363D71013}.Debug|Win32.Build.0 = Debug|Win32
		{84BE7D38-312D-3B89-9109-0C7363D71013}.MinSizeRel|Win32.ActiveCfg = MinSizeRel|Win32
		{84BE7D38-312D-3B89-9109-0C7363D71013}.MinSizeRel|Win32.Build.0 = MinSizeRel|Win32
		{84BE7D38-312D-3B89-9109-0C7363D71013}.Release|Win32.ActiveCfg = Release|Win32
		{84BE7D38-312D-3B89-9109-0C7363D71013}.Release|Win32.Build.0 = Release|Win32
		{84BE7D38-312D-3B89-9109-0C7363D71013}.RelWithDebInfo|Win32.ActiveCfg = RelWithDebInfo|Win32
		{84BE7D38-312D-3B89-9109-0C7363D71013}.RelWithDebInfo|Win32.Build.0 = RelWithDebInfo|Win32
		{37F1CC72-47FA-38F5-B133-08DBF902570E}.Debug|Win32.ActiveCfg = Debug|Win32
		{37F1CC72-47FA-38F5-B133-08DBF902570E}.Debug|Win32.Build.0 = Debug|Win32
		{37F1CC72-47FA-38F5-B133-08DBF902570E}.MinSizeRel|Win32.ActiveCfg = MinSizeRel|Win32
		{37F1CC72-47FA-38F5-B133-08DBF902570E}.Release|Win32.ActiveCfg = Release|Win32
		{37F1CC72-47FA-38F5-B133-08DBF902570E}.RelWithDebInfo|Win32.ActiveCfg = RelWithDebInfo|Win32
		{8C4CE77E-4280-3EB0-A7AE-1E73CC0C171F}.Debug|Win32.ActiveCfg = Debug|Win32
		{8C4CE77E-4280-3EB0-A7AE-1E73CC0C171F}.Debug|Win32.Build.0 = Debug|Win32
		{8C4CE77E-4280-3EB0-A7AE-1E73CC0C171F}.MinSizeRel|Win32.ActiveCfg = MinSizeRel|Win32
		{8C4CE77E-4280-3EB0-A7AE-1E73CC0C171F}.MinSizeRel|Win32.Build.0 = MinSizeRel|Win32
		{8C4CE77E-4280-3EB0-A7AE-1E73CC0C171F}.Release|Win32.ActiveCfg = Release|Win32
		{8C4CE77E-4280-3EB0-A7AE-1E73CC0C171F}.Release|Win32.Build.0 = Release|Win32
		{8C4CE77E-4280-3EB0-A7AE-1E73CC0C171F}.RelWithDebInfo|Win32.ActiveCfg = RelWithDebInfo|Win32
		{8C4CE77E-4280-3EB0-A7AE-1E73CC0C171F}.RelWithDebInfo|Win32.Build.0 = RelWithDebInfo|Win32
		{3705FAE6-C464-35BB-9BB2-ADBE0D6038EB}.Debug|Win32.ActiveCfg = Debug|Win32
		{3705FAE6-C464-35BB-9BB2-ADBE0D6038EB}.Debug|Win32.Build.0 = Debug|Win32
		{3705FAE6-C464-35BB-9BB2-ADBE0D6038EB}.MinSizeRel|Win32.ActiveCfg = MinSizeRel|Win32
		{3705FAE6-C464-35BB-9BB2-ADBE0D6038EB}.MinSizeRel|Win32.Build.0 = MinSizeRel|Win32
		{3705FAE6-C464-35BB-9BB2-ADBE0D6038EB}.Release|Win32.ActiveCfg = Release|Win32
		{3705FAE6-C464-35BB-9BB2-ADBE0D6038EB}.Release|Win32.Build.0 = Release|Win32
		{3705FAE6-C464-35BB-9BB2-ADBE0D6038EB}.RelWithDebInfo|Win32.ActiveCfg = RelWithDebInfo|Win32
		{3705FAE6-C464-35BB-9BB2-ADBE0D6038EB}.RelWithDebInfo|Win32.Build.0 = RelWithDebInfo|Win32
		{FE80B7A5-E509-3850-A0EA-11D67CC65D2D}.Debug|Win32.ActiveCfg = Debug|Win32
		{FE80B7A5-E509-3850-A0EA-11D67CC65D2D}.Debug|Win32.Build.0 = Debug|Win32
		{FE80B7A5-E509-3850-A0EA-11D67CC65D2D}.MinSizeRel|Win32.ActiveCfg = MinSizeRel|Win32
		{FE80B7A5-E509-3850-A0EA-11D67CC65D2D}.MinSizeRel|Win32.Build.0 = MinSizeRel|Win32
		{FE80B7A5-E509-3850-A0EA-11D67CC65D2D}.Release|Win32.ActiveCfg = Release|Win32
		{FE80B7A5-E509-3850-A0EA-11D67CC65D2D}.Release|Win32.Build.0 = Release|Win32
		{FE80B7A5-E509-3850-A0EA-11D67CC65D2D}.RelWithDebInfo|Win32.ActiveCfg = RelWithDebInfo|Win32
		{FE80B7A5-E509-3850-A0EA-11D67CC65D2D}.RelWithDebInfo|Win32.Build.0 = RelWithDebInfo|Win32
		{1BDC5D79-7E8D-3F4A-A9E8-858540797EF6}.Debug|Win32.ActiveCfg = Debug|Win32
		{1BDC5D79-7E8D-3F4A-A9E8-858540797EF6}.Debug|Win32.Build.0 = Debug|Win32
		{1BDC5D79-7E8D-3F4A-A9E8-858540797EF6}.MinSizeRel|Win32.ActiveCfg = MinSizeRel|Win32
		{1BDC5D79-7E8D-3F4A-A9E8-858540797EF6}.MinSizeRel|Win32.Build.0 = MinSizeRel|Win32
		{1BDC5D79-7E8D-3F4A-A9E8-858540797EF6}.Release|Win32.ActiveCfg = Release|Win32
		{1BDC5D79-7E8D-3F4A-A9E8-858540797EF6}.Release|Win32.Build.0 = Release|Win32
		{1BDC5D79-7E8D-3F4A-A9E8-858540797EF6}.RelWithDebInfo|Win32.ActiveCfg = RelWithDebInfo|Win32
		{1BDC5D79-7E8D-3F4A-A9E8-858540797EF6}.RelWithDebInfo|Win32.Build.0 = RelWithDebInfo|Win32
		{DFD75FB2-6DB1-3C9A-B449-FE8F0BA733D7}.Debug|Win32.ActiveCfg = Debug|Win32
		{DFD75FB2-6DB1-3C9A-B449-FE8F0BA733D7}.Debug|Win32.Build.0 = Debug|Win32
		{DFD75FB2-6DB1-3C9A-B449-FE8F0BA733D7}.MinSizeRel|Win32.ActiveCfg = MinSizeRel|Win32
		{DFD75FB2-6DB1-3C9A-B449-FE8F0BA733D7}.MinSizeRel|Win32.Build.0 = MinSizeRel|Win32
		{DFD75FB2-6DB1-3C9A-B449-FE8F0BA733D7}.Release|Win32.ActiveCfg = Release|Win32
		{DFD75FB2-6DB1-3C9A-B449-FE8F0BA733D7}.Release|Win32.Build.0 = Release|Win32
		{DFD75FB2-6DB1-3C9A-B449-FE8F0BA733D7}.RelWithDebInfo|Win32.ActiveCfg = RelWithDebInfo|Win32
		{DFD75FB2-6DB1-3C9A-B449-FE8F0BA733D7}.RelWithDebInfo|Win32.Build.0 = RelWithDebInfo|Win32
		{B528AFF7-4BA9-37A2-B5B3-98652E9D39B5}.Debug|Win32.ActiveCfg = Debug|Win32
		{B528AFF7-4BA9-37A2-B5B3-98652E9D39B5}.Debug|Win32.Build.0 = Debug|Win32
		{B528AFF7-4BA9-37A2-B5B3-98652E9D39B5}.MinSizeRel|Win32.ActiveCfg = MinSizeRel|Win32
		{B528AFF7-4BA9-37A2-B5B3-98652E9D39B5}.MinSizeRel|Win32.Build.0 = MinSizeRel|Win32
		{B528AFF7-4BA9-37A2-B5B3-98652E9D39B5}.Release|Win32.ActiveCfg = Release|Win32
		{B528AFF7-4BA9-37A2-B5B3-98652E9D39B5}.Release|Win32.Build.0 = Release|Win32
		{B528AFF7-4BA9-37A2-B5B3-98652E9D39B5}.RelWithDebInfo|Win32.ActiveCfg = RelWithDebInfo|Win32
		{B528AFF7-4BA9-37A2-B5B3-98652E9D39B5}.RelWithDebInfo|Win32.Build.0 = RelWithDebInfo|Win32
		{B0E740C6-06D5-3582-9F2A-FC66F94713F1}.Debug|Win32.ActiveCfg = Debug|Win32
		{B0E740C6-06D5-3582-9F2A-FC66F94713F1}.Debug|Win32.Build.0 = Debug|Win32
		{B0E740C6-06D5-3582-9F2A-FC66F94713F1}.MinSizeRel|Win32.ActiveCfg = MinSizeRel|Win32
		{B0E740C6-06D5-3582-9F2A-FC66F94713F1}.MinSizeRel|Win32.Build.0 = MinSizeRel|Win32
		{B0E740C6-06D5-3582-9F2A-FC66F94713F1}.Release|Win32.ActiveCfg = Release|Win32
		{B0E740C6-06D5-3582-9F2A-FC66F94713F1}.Release|Win32.Build.0 = Release|Win32
		{B0E740C6-06D5-3582-9F2A-FC66F94713F1}.RelWithDebInfo|Win32.ActiveCfg = RelWithDebInfo|Win32
		{B0E740C6-06D5-3582-9F2A-FC66F94713F1}.RelWithDebInfo|Win32.Build.0 = RelWithDebInfo|Win32
		{85A7B596-A266-3859-9B81-6417E190E029}.Debug|Win32.ActiveCfg = Debug|Win32
		{85A7B596-A266-3859-9B81-6417E190E029}.Debug|Win32.Build.0 = Debug|Win32
		{85A7B596-A266-3859-9B81-6417E190E029}.MinSizeRel|Win32.ActiveCfg = MinSizeRel|Win32
		{85A7B596-A266-3859-9B81-6417E190E029}.MinSizeRel|Win32.Build.0 = MinSizeRel|Win32
		{85A7B596-A266-3859-9B81-6417E190E029}.Release|Win32.ActiveCfg = Release|Win32
		{85A7B596-A266-3859-9B81-6417E190E029}.Release|Win32.Build.0 = Release|Win32
		{85A7B596-A266-3859-9B81-6417E190E029}.RelWithDebInfo|Win32.ActiveCfg = RelWithDebInfo|Win32
		{85A7B596-A266-3859-9B81-6417E190E029}.RelWithDebInfo|Win32.Build.0 = RelWithDebInfo|Win32
		{D9D9BF94-00C8-395C-9465-0255014AEA5A}.Debug|Win32.ActiveCfg = Debug|Win32
		{D9D9BF94-00C8-395C-9465-0255014AEA5A}.Debug|Win32.Build.0 = Debug|Win32
		{D9D9BF94-00C8-395C-9465-0255014AEA5A}.MinSizeRel|Win32.ActiveCfg = MinSizeRel|Win32
		{D9D9BF94-00C8-395C-9465-0255014AEA5A}.MinSizeRel|Win32.Build.0 = MinSizeRel|Win32
		{D9D9BF94-00C8-395C-9465-0255014AEA5A}.Release|Win32.ActiveCfg = Release|Win32
		{D9D9BF94-00C8-395C-9465-0255014AEA5A}.Release|Win32.Build.0 = Release|Win32
		{D9D9BF94-00C8-395C-9465-0255014AEA5A}.RelWithDebInfo|Win32.ActiveCfg = RelWithDebInfo|Win32
		{D9D9BF94-00C8-395C-9465-0255014AEA5A}.RelWithDebInfo|Win32.Build.0 = RelWithDebInfo|Win32
		{89F586A2-F122-3684-816A-C56C9D2B199F}.Debug|Win32.ActiveCfg = Debug|Win32
		{89F586A2-F122-3684-816A-C56C9D2B199F}.Debug|Win32.Build.0 = Debug|Win32
		{89F586A2-F122-3684-816A-C56C9D2B199F}.MinSizeRel|Win32.ActiveCfg = MinSizeRel|Win32
		{89F586A2-F122-3684-816A-C56C9D2B199F}.MinSizeRel|Win32.Build.0 = MinSizeRel|Win32
		{89F586A2-F122-3684-816A-C56C9D2B199F}.Release|Win32.ActiveCfg = Release|Win32
		{89F586A2-F122-3684-816A-C56C9D2B199F}.Release|Win32.Build.0 = Release|Win32
		{89F586A2-F122-3684-816A-C56C9D2B199F}.RelWithDebInfo|Win32.ActiveCfg = RelWithDebInfo|Win32
		{89F586A2-F122-3684-816A-C56C9D2B199F}.RelWithDebInfo|Win32.Build.0 = RelWithDebInfo|Win32
		{128A950C-CF0C-3BFA-8BBD-D1F6CE695FB0}.Debug|Win32.ActiveCfg = Debug|Win32
		{128A950C-CF0C-3BFA-8BBD-D1F6CE695FB0}.Debug|Win32.Build.0 = Debug|Win32
		{128A950C-CF0C-3BFA-8BBD-D1F6CE695FB0}.MinSizeRel|Win32.ActiveCfg = MinSizeRel|Win32
		{128A950C-CF0C-3BFA-8BBD-D1F6CE695FB0}.MinSizeRel|Win32.Build.0 = MinSizeRel|Win32
		{128A950C-CF0C-3BFA-8BBD-D1F6CE695FB0}.Release|Win32.ActiveCfg = Release|Win32
		{128A950C-CF0C-3BFA-8BBD-D1F6CE695FB0}.Release|Win32.Build.0 = Release|Win32
		{128A950C-CF0C-3BFA-8BBD-D1F6CE695FB0}.RelWithDebInfo|Win32.ActiveCfg = RelWithDebInfo|Win32
		{128A950C-CF0C-3BFA-8BBD-D1F6CE695FB0}.RelWithDebInfo|Win32.Build.0 = RelWithDebInfo|Win32
		{55D6E78E-BC59-3215-85FB-45B5FA2FE013}.Debug|Win32.ActiveCfg = Debug|Win32
		{55D6E78E-BC59-3215-85FB-45B5FA2FE013}.Debug|Win32.Build.0 = Debug|Win32
		{55D6E78E-BC59-3215-85FB-45B5FA2FE013}.MinSizeRel|Win32.ActiveCfg = MinSizeRel|Win32
		{55D6E78E-BC59-3215-85FB-45B5FA2FE013}.MinSizeRel|Win32.Build.0 = MinSizeRel|Win32
		{55D6E78E-BC59-3215-85FB-45B5FA2FE013}.Release|Win32.ActiveCfg = Release|Win32
		{55D6E78E-BC59-3215-85FB-45B5FA2FE013}.Release|Win32.Build.0 = Release|Win32
		{55D6E78E-BC59-3215-85FB-45B5FA2FE013}.RelWithDebInfo|Win32.ActiveCfg = RelWithDebInfo|Win32
		{55D6E78E-BC59-3215-85FB-45B5FA2FE013}.RelWithDebInfo|Win32.Build.0 = RelWithDebInfo|Win32
		{5F62DE06-FF34-35E4-82DD-B7A9B0006D19}.Debug|Win32.ActiveCfg = Debug|Win32
		{5F62DE06-FF34-35E4-82DD-B7A9B0006D19}.Debug|Win32.Build.0 = Debug|Win32
		{5F62DE06-FF34-35E4-82DD-B7A9B0006D19}.MinSizeRel|Win32.ActiveCfg = MinSizeRel|Win32
		{5F62DE06-FF34-35E4-82DD-B7A9B0006D19}.MinSizeRel|Win32.Build.0 = MinSizeRel|Win32
		{5F62DE06-FF34-35E4-82DD-B7A9B0006D19}.Release|Win32.ActiveCfg = Release|Win32
		{5F62DE06-FF34-35E4-82DD-B7A9B0006D19}.Release|Win32.Build.0 = Release|Win32
		{5F62DE06-FF34-35E4-82DD-B7A9B0006D19}.RelWithDebInfo|Win32.ActiveCfg = RelWithDebInfo|Win32
		{5F62DE06-FF34-35E4-82DD-B7A9B0006D19}.RelWithDebInfo|Win32.Build.0 = RelWithDebInfo|Win32
		{9F9699DF-D51E-3A34-B571-49BCCF4DDB40}.Debug|Win32.ActiveCfg = Debug|Win32
		{9F9699DF-D51E-3A34-B571-49BCCF4DDB40}.Debug|Win32.Build.0 = Debug|Win32
		{9F9699DF-D51E-3A34-B571-49BCCF4DDB40}.MinSizeRel|Win32.ActiveCfg = MinSizeRel|Win32
		{9F9699DF-D51E-3A34-B571-49BCCF4DDB40}.MinSizeRel|Win32.Build.0 = MinSizeRel|Win32
		{9F9699DF-D51E-3A34-B571-49BCCF4DDB40}.Release|Win32.ActiveCfg = Release|Win32
		{9F9699DF-D51E-3A34-B571-49BCCF4DDB40}.Release|Win32.Build.0 = Release|Win32
		{9F9699DF-D51E-3A34-B571-49BCCF4DDB40}.RelWithDebInfo|Win32.ActiveCfg = RelWithDebInfo|Win32
		{9F9699DF-D51E-3A34-B571-49BCCF4DDB40}.RelWithDebInfo|Win32.Build.0 = RelWithDebInfo|Win32
		{30FAF59A-DBBA-3388-8270-B689222D10C5}.Debug|Win32.ActiveCfg = Debug|Win32
		{30FAF59A-DBBA-3388-8270-B689222D10C5}.Debug|Win32.Build.0 = Debug|Win32
		{30FAF59A-DBBA-3388-8270-B689222D10C5}.MinSizeRel|Win32.ActiveCfg = MinSizeRel|Win32
		{30FAF59A-DBBA-3388-8270-B689222D10C5}.MinSizeRel|Win32.Build.0 = MinSizeRel|Win32
		{30FAF59A-DBBA-3388-8270-B689222D10C5}.Release|Win32.ActiveCfg = Release|Win32
		{30FAF59A-DBBA-3388-8270-B689222D10C5}.Release|Win32.Build.0 = Release|Win32
		{30FAF59A-DBBA-3388-8270-B689222D10C5}.RelWithDebInfo|Win32.ActiveCfg = RelWithDebInfo|Win32
		{30FAF59A-DBBA-3388-8270-B689222D10C5}.RelWithDebInfo|Win32.Build.0 = RelWithDebInfo|Win32
		{9FD31609-3FAB-3059-800E-977AAFBDB970}.Debug|Win32.ActiveCfg = Debug|Win32
		{9FD31609-3FAB-3059-800E-977AAFBDB970}.Debug|Win32.Build.0 = Debug|Win32
		{9FD31609-3FAB-3059-800E-977AAFBDB970}.MinSizeRel|Win32.ActiveCfg = MinSizeRel|Win32
		{9FD31609-3FAB-3059-800E-977AAFBDB970}.MinSizeRel|Win32.Build.0 = MinSizeRel|Win32
		{9FD31609-3FAB-3059-800E-977AAFBDB970}.Release|Win32.ActiveCfg = Release|Win32
		{9FD31609-3FAB-3059-800E-977AAFBDB970}.Release|Win32.Build.0 = Release|Win32
		{9FD31609-3FAB-3059-800E-977AAFBDB970}.RelWithDebInfo|Win32.ActiveCfg = RelWithDebInfo|Win32
		{9FD31609-3FAB-3059-800E-977AAFBDB970}.RelWithDebInfo|Win32.Build.0 = RelWithDebInfo|Win32
		{3FC7C895-332B-3DD5-9C37-1B16B91471F9}.Debug|Win32.ActiveCfg = Debug|Win32
		{3FC7C895-332B-3DD5-9C37-1B16B91471F9}.Debug|Win32.Build.0 = Debug|Win32
		{3FC7C895-332B-3DD5-9C37-1B16B91471F9}.MinSizeRel|Win32.ActiveCfg = MinSizeRel|Win32
		{3FC7C895-332B-3DD5-9C37-1B16B91471F9}.MinSizeRel|Win32.Build.0 = MinSizeRel|Win32
		{3FC7C895-332B-3DD5-9C37-1B16B91471F9}.Release|Win32.ActiveCfg = Release|Win32
		{3FC7C895-332B-3DD5-9C37-1B16B91471F9}.Release|Win32.Build.0 = Release|Win32
		{3FC7C895-332B-3DD5-9C37-1B16B91471F9}.RelWithDebInfo|Win32.ActiveCfg = RelWithDebInfo|Win32
		{3FC7C895-332B-3DD5-9C37-1B16B91471F9}.RelWithDebInfo|Win32.Build.0 = RelWithDebInfo|Win32
		{982D6A48-09C7-3125-A8DC-C8CDE86DC6F8}.Debug|Win32.ActiveCfg = Debug|Win32
		{982D6A48-09C7-3125-A8DC-C8CDE86DC6F8}.Debug|Win32.Build.0 = Debug|Win32
		{982D6A48-09C7-3125-A8DC-C8CDE86DC6F8}.MinSizeRel|Win32.ActiveCfg = MinSizeRel|Win32
		{982D6A48-09C7-3125-A8DC-C8CDE86DC6F8}.MinSizeRel|Win32.Build.0 = MinSizeRel|Win32
		{982D6A48-09C7-3125-A8DC-C8CDE86DC6F8}.Release|Win32.ActiveCfg = Release|Win32
		{982D6A48-09C7-3125-A8DC-C8CDE86DC6F8}.Release|Win32.Build.0 = Release|Win32
		{982D6A48-09C7-3125-A8DC-C8CDE86DC6F8}.RelWithDebInfo|Win32.ActiveCfg = RelWithDebInfo|Win32
		{982D6A48-09C7-3125-A8DC-C8CDE86DC6F8}.RelWithDebInfo|Win32.Build.0 = RelWithDebInfo|Win32
		{E65A4ACB-A62A-392F-AF27-C15FA9F1BC7C}.Debug|Win32.ActiveCfg = Debug|Win32
		{E65A4ACB-A62A-392F-AF27-C15FA9F1BC7C}.Debug|Win32.Build.0 = Debug|Win32
		{E65A4ACB-A62A-392F-AF27-C15FA9F1BC7C}.MinSizeRel|Win32.ActiveCfg = MinSizeRel|Win32
		{E65A4ACB-A62A-392F-AF27-C15FA9F1BC7C}.MinSizeRel|Win32.Build.0 = MinSizeRel|Win32
		{E65A4ACB-A62A-392F-AF27-C15FA9F1BC7C}.Release|Win32.ActiveCfg = Release|Win32
		{E65A4ACB-A62A-392F-AF27-C15FA9F1BC7C}.Release|Win32.Build.0 = Release|Win32
		{E65A4ACB-A62A-392F-AF27-C15FA9F1BC7C}.RelWithDebInfo|Win32.ActiveCfg = RelWithDebInfo|Win32
		{E65A4ACB-A62A-392F-AF27-C15FA9F1BC7C}.RelWithDebInfo|Win32.Build.0 = RelWithDebInfo|Win32
		{3DBB8F98-97B0-314E-8061-49684F1FDB6B}.Debug|Win32.ActiveCfg = Debug|Win32
		{3DBB8F98-97B0-314E-8061-49684F1FDB6B}.Debug|Win32.Build.0 = Debug|Win32
		{3DBB8F98-97B0-314E-8061-49684F1FDB6B}.MinSizeRel|Win32.ActiveCfg = MinSizeRel|Win32
		{3DBB8F98-97B0-314E-8061-49684F1FDB6B}.MinSizeRel|Win32.Build.0 = MinSizeRel|Win32
		{3DBB8F98-97B0-314E-8061-49684F1FDB6B}.Release|Win32.ActiveCfg = Release|Win32
		{3DBB8F98-97B0-314E-8061-49684F1FDB6B}.Release|Win32.Build.0 = Release|Win32
		{3DBB8F98-97B0-314E-8061-49684F1FDB6B}.RelWithDebInfo|Win32.ActiveCfg = RelWithDebInfo|Win32
		{3DBB8F98-97B0-314E-8061-49684F1FDB6B}.RelWithDebInfo|Win32.Build.0 = RelWithDebInfo|Win32
		{72BD47E1-E363-3AF7-8F62-81E1292ED645}.Debug|Win32.ActiveCfg = Debug|Win32
		{72BD47E1-E363-3AF7-8F62-81E1292ED645}.Debug|Win32.Build.0 = Debug|Win32
		{72BD47E1-E363-3AF7-8F62-81E1292ED645}.MinSizeRel|Win32.ActiveCfg = MinSizeRel|Win32
		{72BD47E1-E363-3AF7-8F62-81E1292ED645}.MinSizeRel|Win32.Build.0 = MinSizeRel|Win32
		{72BD47E1-E363-3AF7-8F62-81E1292ED645}.Release|Win32.ActiveCfg = Release|Win32
		{72BD47E1-E363-3AF7-8F62-81E1292ED645}.Release|Win32.Build.0 = Release|Win32
		{72BD47E1-E363-3AF7-8F62-81E1292ED645}.RelWithDebInfo|Win32.ActiveCfg = RelWithDebInfo|Win32
		{72BD47E1-E363-3AF7-8F62-81E1292ED645}.RelWithDebInfo|Win32.Build.0 = RelWithDebInfo|Win32
		{D1A0C3CB-330C-3C0A-980F-12E0C156B11A}.Debug|Win32.ActiveCfg = Debug|Win32
		{D1A0C3CB-330C-3C0A-980F-12E0C156B11A}.Debug|Win32.Build.0 = Debug|Win32
		{D1A0C3CB-330C-3C0A-980F-12E0C156B11A}.MinSizeRel|Win32.ActiveCfg = MinSizeRel|Win32
		{D1A0C3CB-330C-3C0A-980F-12E0C156B11A}.MinSizeRel|Win32.Build.0 = MinSizeRel|Win32
		{D1A0C3CB-330C-3C0A-980F-12E0C156B11A}.Release|Win32.ActiveCfg = Release|Win32
		{D1A0C3CB-330C-3C0A-980F-12E0C156B11A}.Release|Win32.Build.0 = Release|Win32
		{D1A0C3CB-330C-3C0A-980F-12E0C156B11A}.RelWithDebInfo|Win32.ActiveCfg = RelWithDebInfo|Win32
		{D1A0C3CB-330C-3C0A-980F-12E0C156B11A}.RelWithDebInfo|Win32.Build.0 = RelWithDebInfo|Win32
		{88395F46-FF1A-3BDC-886F-3F3CD8C045C4}.Debug|Win32.ActiveCfg = Debug|Win32
		{88395F46-FF1A-3BDC-886F-3F3CD8C045C4}.Debug|Win32.Build.0 = Debug|Win32
		{88395F46-FF1A-3BDC-886F-3F3CD8C045C4}.MinSizeRel|Win32.ActiveCfg = MinSizeRel|Win32
		{88395F46-FF1A-3BDC-886F-3F3CD8C045C4}.MinSizeRel|Win32.Build.0 = MinSizeRel|Win32
		{88395F46-FF1A-3BDC-886F-3F3CD8C045C4}.Release|Win32.ActiveCfg = Release|Win32
		{88395F46-FF1A-3BDC-886F-3F3CD8C045C4}.Release|Win32.Build.0 = Release|Win32
		{88395F46-FF1A-3BDC-886F-3F3CD8C045C4}.RelWithDebInfo|Win32.ActiveCfg = RelWithDebInfo|Win32
		{88395F46-FF1A-3BDC-886F-3F3CD8C045C4}.RelWithDebInfo|Win32.Build.0 = RelWithDebInfo|Win32
		{DF6E713B-08D6-34DB-9ECA-3B6F34D49EC2}.Debug|Win32.ActiveCfg = Debug|Win32
		{DF6E713B-08D6-34DB-9ECA-3B6F34D49EC2}.Debug|Win32.Build.0 = Debug|Win32
		{DF6E713B-08D6-34DB-9ECA-3B6F34D49EC2}.MinSizeRel|Win32.ActiveCfg = MinSizeRel|Win32
		{DF6E713B-08D6-34DB-9ECA-3B6F34D49EC2}.MinSizeRel|Win32.Build.0 = MinSizeRel|Win32
		{DF6E713B-08D6-34DB-9ECA-3B6F34D49EC2}.Release|Win32.ActiveCfg = Release|Win32
		{DF6E713B-08D6-34DB-9ECA-3B6F34D49EC2}.Release|Win32.Build.0 = Release|Win32
		{DF6E713B-08D6-34DB-9ECA-3B6F34D49EC2}.RelWithDebInfo|Win32.ActiveCfg = RelWithDebInfo|Win32
		{DF6E713B-08D6-34DB-9ECA-3B6F34D49EC2}.RelWithDebInfo|Win32.Build.0 = RelWithDebInfo|Win32
		{24105481-A9D5-347F-83CE-185C4D4AC557}.Debug|Win32.ActiveCfg = Debug|Win32
		{24105481-A9D5-347F-83CE-185C4D4AC557}.Debug|Win32.Build.0 = Debug|Win32
		{24105481-A9D5-347F-83CE-185C4D4AC557}.MinSizeRel|Win32.ActiveCfg = MinSizeRel|Win32
		{24105481-A9D5-347F-83CE-185C4D4AC557}.MinSizeRel|Win32.Build.0 = MinSizeRel|Win32
		{24105481-A9D5-347F-83CE-185C4D4AC557}.Release|Win32.ActiveCfg = Release|Win32
		{24105481-A9D5-347F-83CE-185C4D4AC557}.Release|Win32.Build.0 = Release|Win32
		{24105481-A9D5-347F-83CE-185C4D4AC557}.RelWithDebInfo|Win32.ActiveCfg = RelWithDebInfo|Win32
		{24105481-A9D5-347F-83CE-185C4D4AC557}.RelWithDebInfo|Win32.Build.0 = RelWithDebInfo|Win32
		{0C03F20E-4057-33F1-9B4A-6BA11476D50E}.Debug|Win32.ActiveCfg = Debug|Win32
		{0C03F20E-4057-33F1-9B4A-6BA11476D50E}.Debug|Win32.Build.0 = Debug|Win32
		{0C03F20E-4057-33F1-9B4A-6BA11476D50E}.MinSizeRel|Win32.ActiveCfg = MinSizeRel|Win32
		{0C03F20E-4057-33F1-9B4A-6BA11476D50E}.MinSizeRel|Win32.Build.0 = MinSizeRel|Win32
		{0C03F20E-4057-33F1-9B4A-6BA11476D50E}.Release|Win32.ActiveCfg = Release|Win32
		{0C03F20E-4057-33F1-9B4A-6BA11476D50E}.Release|Win32.Build.0 = Release|Win32
		{0C03F20E-4057-33F1-9B4A-6BA11476D50E}.RelWithDebInfo|Win32.ActiveCfg = RelWithDebInfo|Win32
		{0C03F20E-4057-33F1-9B4A-6BA11476D50E}.RelWithDebInfo|Win32.Build.0 = RelWithDebInfo|Win32
		{328490DD-3ED7-35ED-A77B-D8DBEE1A6A85}.Debug|Win32.ActiveCfg = Debug|Win32
		{328490DD-3ED7-35ED-A77B-D8DBEE1A6A85}.Debug|Win32.Build.0 = Debug|Win32
		{328490DD-3ED7-35ED-A77B-D8DBEE1A6A85}.MinSizeRel|Win32.ActiveCfg = MinSizeRel|Win32
		{328490DD-3ED7-35ED-A77B-D8DBEE1A6A85}.MinSizeRel|Win32.Build.0 = MinSizeRel|Win32
		{328490DD-3ED7-35ED-A77B-D8DBEE1A6A85}.Release|Win32.ActiveCfg = Release|Win32
		{328490DD-3ED7-35ED-A77B-D8DBEE1A6A85}.Release|Win32.Build.0 = Release|Win32
		{328490DD-3ED7-35ED-A77B-D8DBEE1A6A85}.RelWithDebInfo|Win32.ActiveCfg = RelWithDebInfo|Win32
		{328490DD-3ED7-35ED-A77B-D8DBEE1A6A85}.RelWithDebInfo|Win32.Build.0 = RelWithDebInfo|Win32
		{3C287C34-97B3-329F-8A44-FBE1FB3BF4E0}.Debug|Win32.ActiveCfg = Debug|Win32
		{3C287C34-97B3-329F-8A44-FBE1FB3BF4E0}.Debug|Win32.Build.0 = Debug|Win32
		{3C287C34-97B3-329F-8A44-FBE1FB3BF4E0}.MinSizeRel|Win32.ActiveCfg = MinSizeRel|Win32
		{3C287C34-97B3-329F-8A44-FBE1FB3BF4E0}.MinSizeRel|Win32.Build.0 = MinSizeRel|Win32
		{3C287C34-97B3-329F-8A44-FBE1FB3BF4E0}.Release|Win32.ActiveCfg = Release|Win32
		{3C287C34-97B3-329F-8A44-FBE1FB3BF4E0}.Release|Win32.Build.0 = Release|Win32
		{3C287C34-97B3-329F-8A44-FBE1FB3BF4E0}.RelWithDebInfo|Win32.ActiveCfg = RelWithDebInfo|Win32
		{3C287C34-97B3-329F-8A44-FBE1FB3BF4E0}.RelWithDebInfo|Win32.Build.0 = RelWithDebInfo|Win32
		{48C876CB-4DD9-3381-B760-7556B586706A}.Debug|Win32.ActiveCfg = Debug|Win32
		{48C876CB-4DD9-3381-B760-7556B586706A}.Debug|Win32.Build.0 = Debug|Win32
		{48C876CB-4DD9-3381-B760-7556B586706A}.MinSizeRel|Win32.ActiveCfg = MinSizeRel|Win32
		{48C876CB-4DD9-3381-B760-7556B586706A}.MinSizeRel|Win32.Build.0 = MinSizeRel|Win32
		{48C876CB-4DD9-3381-B760-7556B586706A}.Release|Win32.ActiveCfg = Release|Win32
		{48C876CB-4DD9-3381-B760-7556B586706A}.Release|Win32.Build.0 = Release|Win32
		{48C876CB-4DD9-3381-B760-7556B586706A}.RelWithDebInfo|Win32.ActiveCfg = RelWithDebInfo|Win32
		{48C876CB-4DD9-3381-B760-7556B586706A}.RelWithDebInfo|Win32.Build.0 = RelWithDebInfo|Win32
		{A33126A1-0E9D-3194-B08A-2A78366CB181}.Debug|Win32.ActiveCfg = Debug|Win32
		{A33126A1-0E9D-3194-B08A-2A78366CB181}.Debug|Win32.Build.0 = Debug|Win32
		{A33126A1-0E9D-3194-B08A-2A78366CB181}.MinSizeRel|Win32.ActiveCfg = MinSizeRel|Win32
		{A33126A1-0E9D-3194-B08A-2A78366CB181}.MinSizeRel|Win32.Build.0 = MinSizeRel|Win32
		{A33126A1-0E9D-3194-B08A-2A78366CB181}.Release|Win32.ActiveCfg = Release|Win32
		{A33126A1-0E9D-3194-B08A-2A78366CB181}.Release|Win32.Build.0 = Release|Win32
		{A33126A1-0E9D-3194-B08A-2A78366CB181}.RelWithDebInfo|Win32.ActiveCfg = RelWithDebInfo|Win32
		{A33126A1-0E9D-3194-B08A-2A78366CB181}.RelWithDebInfo|Win32.Build.0 = RelWithDebInfo|Win32
	EndGlobalSection
	GlobalSection(SolutionProperties) = preSolution
		HideSolutionNode = FALSE
	EndGlobalSection
EndGlobal
